PODS:
  - Nimble (1.0.0)
  - pop (1.0.7)
  - Quick (0.3.1)
  - Realm (0.94.1):
    - Realm/Headers (= 0.94.1)
  - Realm/Headers (0.94.1)
  - RealmSwift (0.94.1):
    - Realm (= 0.94.1)

DEPENDENCIES:
  - Nimble (~> 1.0.0)
  - pop
  - Quick (~> 0.3.0)
  - RealmSwift

SPEC CHECKSUMS:
  Nimble: 8bee528e5fcc403653076545db562d2b5db7bb87
  pop: 628ffc631644601567ee8bfaaaea493ebd7d0923
  Quick: 824572d3d198d51e52cf4aa722cebf7e59952a35
  Realm: d999a6cf0b41577a077349c9cc9d496cc62a7d17
  RealmSwift: 06b60ff5b1338755654d39aab44ac38001600f76

COCOAPODS: 0.38.2
