PODS:
  - ROKUIKit (0.1.0)

DEPENDENCIES:
  - ROKUIKit (from `git@gitlab.com:r0/ROKUIKit-swift.git`)

EXTERNAL SOURCES:
  ROKUIKit:
    :git: git@gitlab.com:r0/ROKUIKit-swift.git

CHECKOUT OPTIONS:
  ROKUIKit:
    :commit: c469fdad8ebd11d0e4546ed28d0ad415ffb3eca1
    :git: git@gitlab.com:r0/ROKUIKit-swift.git

SPEC CHECKSUMS:
  ROKUIKit: f249ba971cc8a43889731079747a9fd58a2f94e6

COCOAPODS: 0.39.0
