// !$*UTF8*$!
{
	archiveVersion = 1;
	classes = {
	};
	objectVersion = 46;
	objects = {

/* Begin PBXBuildFile section */
		303A1A601A558EAD00FFE80E /* InsertOrUpdateSingleActivityViewController.m in Sources */ = {isa = PBXBuildFile; fileRef = 303A1A5F1A558EAD00FFE80E /* InsertOrUpdateSingleActivityViewController.m */; };
		303A1A631A55977100FFE80E /* DynamicNotification.m in Sources */ = {isa = PBXBuildFile; fileRef = 303A1A621A55977100FFE80E /* DynamicNotification.m */; };
		303A1A711A55BF3300FFE80E /* Activity+ObjectOperations.m in Sources */ = {isa = PBXBuildFile; fileRef = 303A1A701A55BF3300FFE80E /* Activity+ObjectOperations.m */; };
		307CC3FC1A62ECBC00BB3E89 /* ActivityPickerController.m in Sources */ = {isa = PBXBuildFile; fileRef = 307CC3FB1A62ECBC00BB3E89 /* ActivityPickerController.m */; };
		307CC3FF1A62F5A800BB3E89 /* UIView+LayoutHelper.m in Sources */ = {isa = PBXBuildFile; fileRef = 307CC3FE1A62F5A800BB3E89 /* UIView+LayoutHelper.m */; };
		30C829421A59847B00A43C0D /* Pattern.m in Sources */ = {isa = PBXBuildFile; fileRef = 30C829411A59847B00A43C0D /* Pattern.m */; };
		30C829451A59847B00A43C0D /* ActivityWorkoutMap.m in Sources */ = {isa = PBXBuildFile; fileRef = 30C829441A59847B00A43C0D /* ActivityWorkoutMap.m */; };
		30C829481A59847B00A43C0D /* ActivitySetMap.m in Sources */ = {isa = PBXBuildFile; fileRef = 30C829471A59847B00A43C0D /* ActivitySetMap.m */; };
		30C8294B1A59847B00A43C0D /* Schedule.m in Sources */ = {isa = PBXBuildFile; fileRef = 30C8294A1A59847B00A43C0D /* Schedule.m */; };
		30C8294E1A59847B00A43C0D /* Workout.m in Sources */ = {isa = PBXBuildFile; fileRef = 30C8294D1A59847B00A43C0D /* Workout.m */; };
		30C829511A5984A300A43C0D /* Activity.m in Sources */ = {isa = PBXBuildFile; fileRef = 30C829501A5984A300A43C0D /* Activity.m */; };
		30C829541A598E9E00A43C0D /* WorkoutOverViewTableViewController.m in Sources */ = {isa = PBXBuildFile; fileRef = 30C829531A598E9E00A43C0D /* WorkoutOverViewTableViewController.m */; };
		30C8295A1A59976400A43C0D /* ActivityCell.m in Sources */ = {isa = PBXBuildFile; fileRef = 30C829591A59976400A43C0D /* ActivityCell.m */; };
		30CA1A7B1A5466F2003B0EE5 /* BaseCoreDataFetchingTableViewController.m in Sources */ = {isa = PBXBuildFile; fileRef = 30CA1A7A1A5466F2003B0EE5 /* BaseCoreDataFetchingTableViewController.m */; };
		30CA1A7E1A546BCE003B0EE5 /* ActivityOverViewTableViewController.m in Sources */ = {isa = PBXBuildFile; fileRef = 30CA1A7D1A546BCE003B0EE5 /* ActivityOverViewTableViewController.m */; };
		30E9B0FB1A5F00430079A408 /* SingleActivityResultViewController.m in Sources */ = {isa = PBXBuildFile; fileRef = 30E9B0FA1A5F00430079A408 /* SingleActivityResultViewController.m */; };
		30E9B0FE1A5F009F0079A408 /* SingleWorkoutResultViewController.m in Sources */ = {isa = PBXBuildFile; fileRef = 30E9B0FD1A5F009F0079A408 /* SingleWorkoutResultViewController.m */; };
		30EE303E1A5B183100DD6AB8 /* InsertOrUpdateWorkoutTableViewController.m in Sources */ = {isa = PBXBuildFile; fileRef = 30EE303D1A5B183100DD6AB8 /* InsertOrUpdateWorkoutTableViewController.m */; };
		4B7A10F0A309844FF6E10262 /* LaunchScreen.xib in Resources */ = {isa = PBXBuildFile; fileRef = 4B7A11C9DC2E3EF497DD8EDD /* LaunchScreen.xib */; };
		4B7A112BB06D2F1452684C40 /* SetAndRepsInputRow.m in Sources */ = {isa = PBXBuildFile; fileRef = 4B7A132B8EE0CC527D4C8BDE /* SetAndRepsInputRow.m */; };
		4B7A11802F2EB0A02351BF87 /* ViewController.m in Sources */ = {isa = PBXBuildFile; fileRef = 4B7A1232CFBF89D9059AC54E /* ViewController.m */; };
		4B7A12B009F052D87CA7C68A /* Gym_Diary.xcdatamodeld in Sources */ = {isa = PBXBuildFile; fileRef = 4B7A188EA092617AF9F0D88C /* Gym_Diary.xcdatamodeld */; };
		4B7A15F9B2E5ACDC2E4FDB55 /* Gym_DiaryTests.m in Sources */ = {isa = PBXBuildFile; fileRef = 4B7A143568F6FBDC9D3993C1 /* Gym_DiaryTests.m */; };
		4B7A1848150BF30A2AF42F97 /* SetAndRepsInputRow.xib in Resources */ = {isa = PBXBuildFile; fileRef = 4B7A1F70E570FDF75F8D9D9B /* SetAndRepsInputRow.xib */; };
		4B7A18CA7EDCFC512A73EB42 /* AppDelegate.m in Sources */ = {isa = PBXBuildFile; fileRef = 4B7A19D1664A4EA8FC0EB453 /* AppDelegate.m */; };
		4B7A18CD57CBBDEC00C4A075 /* UITextField+TextHelper.m in Sources */ = {isa = PBXBuildFile; fileRef = 4B7A1F2528C68914E1B50931 /* UITextField+TextHelper.m */; };
		4B7A18FCC31D03DAC1B8CAC6 /* Images.xcassets in Resources */ = {isa = PBXBuildFile; fileRef = 4B7A1896F74B695AE0251E25 /* Images.xcassets */; };
		4B7A1A97993BC24BFA0925C4 /* ActivityCard.m in Sources */ = {isa = PBXBuildFile; fileRef = 4B7A17F7627B8CF4576DB4B2 /* ActivityCard.m */; };
		4B7A1C8578B0E777697A6E8E /* WorkoutCell.m in Sources */ = {isa = PBXBuildFile; fileRef = 4B7A1F84EDCE0D1B1DBE3A37 /* WorkoutCell.m */; };
		4B7A1D49208B4072108AF3CB /* Main.storyboard in Resources */ = {isa = PBXBuildFile; fileRef = 4B7A1A1C961D9B6A56A6119D /* Main.storyboard */; };
		4B7A1F81C8C6BE281E9A07D7 /* main.m in Sources */ = {isa = PBXBuildFile; fileRef = 4B7A10550BE233ED9B9EA9C8 /* main.m */; };
		8CFED3C1400ADB00549482E9 /* libPods.a in Frameworks */ = {isa = PBXBuildFile; fileRef = BA4D5C8FEFBF2EB6EFCE51B6 /* libPods.a */; };
/* End PBXBuildFile section */

/* Begin PBXContainerItemProxy section */
		4B7A10F5BDFF873E76867685 /* PBXContainerItemProxy */ = {
			isa = PBXContainerItemProxy;
			containerPortal = 4B7A1553D07D9A8EEC2529E2 /* Project object */;
			proxyType = 1;
			remoteGlobalIDString = 4B7A1FDC79B09C17AA8F56FD;
			remoteInfo = "Gym Diary";
		};
/* End PBXContainerItemProxy section */

/* Begin PBXFileReference section */
		1630FC455C2FAB30077B50FB /* Pods.debug.xcconfig */ = {isa = PBXFileReference; includeInIndex = 1; lastKnownFileType = text.xcconfig; name = Pods.debug.xcconfig; path = "Pods/Target Support Files/Pods/Pods.debug.xcconfig"; sourceTree = "<group>"; };
		303A1A5E1A558EAD00FFE80E /* InsertOrUpdateSingleActivityViewController.h */ = {isa = PBXFileReference; fileEncoding = 4; lastKnownFileType = sourcecode.c.h; path = InsertOrUpdateSingleActivityViewController.h; sourceTree = "<group>"; };
		303A1A5F1A558EAD00FFE80E /* InsertOrUpdateSingleActivityViewController.m */ = {isa = PBXFileReference; fileEncoding = 4; lastKnownFileType = sourcecode.c.objc; path = InsertOrUpdateSingleActivityViewController.m; sourceTree = "<group>"; };
		303A1A611A55977100FFE80E /* DynamicNotification.h */ = {isa = PBXFileReference; fileEncoding = 4; lastKnownFileType = sourcecode.c.h; path = DynamicNotification.h; sourceTree = "<group>"; };
		303A1A621A55977100FFE80E /* DynamicNotification.m */ = {isa = PBXFileReference; fileEncoding = 4; lastKnownFileType = sourcecode.c.objc; path = DynamicNotification.m; sourceTree = "<group>"; };
		303A1A6F1A55BF3300FFE80E /* Activity+ObjectOperations.h */ = {isa = PBXFileReference; fileEncoding = 4; lastKnownFileType = sourcecode.c.h; path = "Activity+ObjectOperations.h"; sourceTree = "<group>"; };
		303A1A701A55BF3300FFE80E /* Activity+ObjectOperations.m */ = {isa = PBXFileReference; fileEncoding = 4; lastKnownFileType = sourcecode.c.objc; path = "Activity+ObjectOperations.m"; sourceTree = "<group>"; };
		307CC3FA1A62ECBC00BB3E89 /* ActivityPickerController.h */ = {isa = PBXFileReference; fileEncoding = 4; lastKnownFileType = sourcecode.c.h; path = ActivityPickerController.h; sourceTree = "<group>"; };
		307CC3FB1A62ECBC00BB3E89 /* ActivityPickerController.m */ = {isa = PBXFileReference; fileEncoding = 4; lastKnownFileType = sourcecode.c.objc; path = ActivityPickerController.m; sourceTree = "<group>"; };
		307CC3FD1A62F5A800BB3E89 /* UIView+LayoutHelper.h */ = {isa = PBXFileReference; fileEncoding = 4; lastKnownFileType = sourcecode.c.h; path = "UIView+LayoutHelper.h"; sourceTree = "<group>"; };
		307CC3FE1A62F5A800BB3E89 /* UIView+LayoutHelper.m */ = {isa = PBXFileReference; fileEncoding = 4; lastKnownFileType = sourcecode.c.objc; path = "UIView+LayoutHelper.m"; sourceTree = "<group>"; };
		30C829401A59847B00A43C0D /* Pattern.h */ = {isa = PBXFileReference; fileEncoding = 4; lastKnownFileType = sourcecode.c.h; path = Pattern.h; sourceTree = "<group>"; };
		30C829411A59847B00A43C0D /* Pattern.m */ = {isa = PBXFileReference; fileEncoding = 4; lastKnownFileType = sourcecode.c.objc; path = Pattern.m; sourceTree = "<group>"; };
		30C829431A59847B00A43C0D /* ActivityWorkoutMap.h */ = {isa = PBXFileReference; fileEncoding = 4; lastKnownFileType = sourcecode.c.h; path = ActivityWorkoutMap.h; sourceTree = "<group>"; };
		30C829441A59847B00A43C0D /* ActivityWorkoutMap.m */ = {isa = PBXFileReference; fileEncoding = 4; lastKnownFileType = sourcecode.c.objc; path = ActivityWorkoutMap.m; sourceTree = "<group>"; };
		30C829461A59847B00A43C0D /* ActivitySetMap.h */ = {isa = PBXFileReference; fileEncoding = 4; lastKnownFileType = sourcecode.c.h; path = ActivitySetMap.h; sourceTree = "<group>"; };
		30C829471A59847B00A43C0D /* ActivitySetMap.m */ = {isa = PBXFileReference; fileEncoding = 4; lastKnownFileType = sourcecode.c.objc; path = ActivitySetMap.m; sourceTree = "<group>"; };
		30C829491A59847B00A43C0D /* Schedule.h */ = {isa = PBXFileReference; fileEncoding = 4; lastKnownFileType = sourcecode.c.h; path = Schedule.h; sourceTree = "<group>"; };
		30C8294A1A59847B00A43C0D /* Schedule.m */ = {isa = PBXFileReference; fileEncoding = 4; lastKnownFileType = sourcecode.c.objc; path = Schedule.m; sourceTree = "<group>"; };
		30C8294C1A59847B00A43C0D /* Workout.h */ = {isa = PBXFileReference; fileEncoding = 4; lastKnownFileType = sourcecode.c.h; path = Workout.h; sourceTree = "<group>"; };
		30C8294D1A59847B00A43C0D /* Workout.m */ = {isa = PBXFileReference; fileEncoding = 4; lastKnownFileType = sourcecode.c.objc; path = Workout.m; sourceTree = "<group>"; };
		30C8294F1A5984A300A43C0D /* Activity.h */ = {isa = PBXFileReference; fileEncoding = 4; lastKnownFileType = sourcecode.c.h; path = Activity.h; sourceTree = "<group>"; };
		30C829501A5984A300A43C0D /* Activity.m */ = {isa = PBXFileReference; fileEncoding = 4; lastKnownFileType = sourcecode.c.objc; path = Activity.m; sourceTree = "<group>"; };
		30C829521A598E9E00A43C0D /* WorkoutOverViewTableViewController.h */ = {isa = PBXFileReference; fileEncoding = 4; lastKnownFileType = sourcecode.c.h; path = WorkoutOverViewTableViewController.h; sourceTree = "<group>"; };
		30C829531A598E9E00A43C0D /* WorkoutOverViewTableViewController.m */ = {isa = PBXFileReference; fileEncoding = 4; lastKnownFileType = sourcecode.c.objc; path = WorkoutOverViewTableViewController.m; sourceTree = "<group>"; };
		30C829581A59976400A43C0D /* ActivityCell.h */ = {isa = PBXFileReference; fileEncoding = 4; lastKnownFileType = sourcecode.c.h; path = ActivityCell.h; sourceTree = "<group>"; };
		30C829591A59976400A43C0D /* ActivityCell.m */ = {isa = PBXFileReference; fileEncoding = 4; lastKnownFileType = sourcecode.c.objc; path = ActivityCell.m; sourceTree = "<group>"; };
		30CA1A791A5466F2003B0EE5 /* BaseCoreDataFetchingTableViewController.h */ = {isa = PBXFileReference; fileEncoding = 4; lastKnownFileType = sourcecode.c.h; path = BaseCoreDataFetchingTableViewController.h; sourceTree = "<group>"; };
		30CA1A7A1A5466F2003B0EE5 /* BaseCoreDataFetchingTableViewController.m */ = {isa = PBXFileReference; fileEncoding = 4; lastKnownFileType = sourcecode.c.objc; path = BaseCoreDataFetchingTableViewController.m; sourceTree = "<group>"; };
		30CA1A7C1A546BCE003B0EE5 /* ActivityOverViewTableViewController.h */ = {isa = PBXFileReference; fileEncoding = 4; lastKnownFileType = sourcecode.c.h; path = ActivityOverViewTableViewController.h; sourceTree = "<group>"; };
		30CA1A7D1A546BCE003B0EE5 /* ActivityOverViewTableViewController.m */ = {isa = PBXFileReference; fileEncoding = 4; lastKnownFileType = sourcecode.c.objc; path = ActivityOverViewTableViewController.m; sourceTree = "<group>"; };
		30DA2B671A60875400A54301 /* defines.h */ = {isa = PBXFileReference; lastKnownFileType = sourcecode.c.h; path = defines.h; sourceTree = "<group>"; };
		30E9B0F91A5F00430079A408 /* SingleActivityResultViewController.h */ = {isa = PBXFileReference; fileEncoding = 4; lastKnownFileType = sourcecode.c.h; path = SingleActivityResultViewController.h; sourceTree = "<group>"; };
		30E9B0FA1A5F00430079A408 /* SingleActivityResultViewController.m */ = {isa = PBXFileReference; fileEncoding = 4; lastKnownFileType = sourcecode.c.objc; path = SingleActivityResultViewController.m; sourceTree = "<group>"; };
		30E9B0FC1A5F009F0079A408 /* SingleWorkoutResultViewController.h */ = {isa = PBXFileReference; fileEncoding = 4; lastKnownFileType = sourcecode.c.h; path = SingleWorkoutResultViewController.h; sourceTree = "<group>"; };
		30E9B0FD1A5F009F0079A408 /* SingleWorkoutResultViewController.m */ = {isa = PBXFileReference; fileEncoding = 4; lastKnownFileType = sourcecode.c.objc; path = SingleWorkoutResultViewController.m; sourceTree = "<group>"; };
		30EE303C1A5B183100DD6AB8 /* InsertOrUpdateWorkoutTableViewController.h */ = {isa = PBXFileReference; fileEncoding = 4; lastKnownFileType = sourcecode.c.h; path = InsertOrUpdateWorkoutTableViewController.h; sourceTree = "<group>"; };
		30EE303D1A5B183100DD6AB8 /* InsertOrUpdateWorkoutTableViewController.m */ = {isa = PBXFileReference; fileEncoding = 4; lastKnownFileType = sourcecode.c.objc; path = InsertOrUpdateWorkoutTableViewController.m; sourceTree = "<group>"; };
		4B7A10550BE233ED9B9EA9C8 /* main.m */ = {isa = PBXFileReference; lastKnownFileType = sourcecode.c.objc; path = main.m; sourceTree = "<group>"; };
		4B7A1232CFBF89D9059AC54E /* ViewController.m */ = {isa = PBXFileReference; fileEncoding = 4; lastKnownFileType = sourcecode.c.objc; path = ViewController.m; sourceTree = "<group>"; };
		4B7A132B8EE0CC527D4C8BDE /* SetAndRepsInputRow.m */ = {isa = PBXFileReference; fileEncoding = 4; lastKnownFileType = sourcecode.c.objc; path = SetAndRepsInputRow.m; sourceTree = "<group>"; };
		4B7A137079CE987078FF2971 /* SetAndRepsInputRow.h */ = {isa = PBXFileReference; fileEncoding = 4; lastKnownFileType = sourcecode.c.h; path = SetAndRepsInputRow.h; sourceTree = "<group>"; };
		4B7A137EAB8FFD179AF512C7 /* Base */ = {isa = PBXFileReference; lastKnownFileType = file.storyboard; name = Base; path = Base.lproj/Main.storyboard; sourceTree = "<group>"; };
		4B7A143568F6FBDC9D3993C1 /* Gym_DiaryTests.m */ = {isa = PBXFileReference; lastKnownFileType = sourcecode.c.objc; path = Gym_DiaryTests.m; sourceTree = "<group>"; };
		4B7A149CC6A4A73ACFB0F455 /* Base */ = {isa = PBXFileReference; lastKnownFileType = file.xib; name = Base; path = Base.lproj/LaunchScreen.xib; sourceTree = "<group>"; };
		4B7A16DF6D4B4B25AF56DA0E /* Info.plist */ = {isa = PBXFileReference; lastKnownFileType = text.plist.info; path = Info.plist; sourceTree = "<group>"; };
		4B7A16F9C7DBDBE4987B21F1 /* Gym DiaryTests.xctest */ = {isa = PBXFileReference; explicitFileType = wrapper.cfbundle; includeInIndex = 0; path = "Gym DiaryTests.xctest"; sourceTree = BUILT_PRODUCTS_DIR; };
		4B7A173AD14646AEC3EB7352 /* AppDelegate.h */ = {isa = PBXFileReference; lastKnownFileType = sourcecode.c.h; path = AppDelegate.h; sourceTree = "<group>"; };
		4B7A17F7627B8CF4576DB4B2 /* ActivityCard.m */ = {isa = PBXFileReference; fileEncoding = 4; lastKnownFileType = sourcecode.c.objc; path = ActivityCard.m; sourceTree = "<group>"; };
		4B7A1896F74B695AE0251E25 /* Images.xcassets */ = {isa = PBXFileReference; lastKnownFileType = folder.assetcatalog; path = Images.xcassets; sourceTree = "<group>"; };
		4B7A19191C19D9A40DA07B21 /* ActivityCard.h */ = {isa = PBXFileReference; fileEncoding = 4; lastKnownFileType = sourcecode.c.h; path = ActivityCard.h; sourceTree = "<group>"; };
		4B7A19D1664A4EA8FC0EB453 /* AppDelegate.m */ = {isa = PBXFileReference; lastKnownFileType = sourcecode.c.objc; path = AppDelegate.m; sourceTree = "<group>"; };
		4B7A1BE0EFF01D10BC5609DE /* Gym Diary.app */ = {isa = PBXFileReference; explicitFileType = wrapper.application; includeInIndex = 0; path = "Gym Diary.app"; sourceTree = BUILT_PRODUCTS_DIR; };
		4B7A1C4BC7328C9E3FDD9065 /* UITextField+TextHelper.h */ = {isa = PBXFileReference; fileEncoding = 4; lastKnownFileType = sourcecode.c.h; path = "UITextField+TextHelper.h"; sourceTree = "<group>"; };
		4B7A1D4B13D60965E259E701 /* Info.plist */ = {isa = PBXFileReference; lastKnownFileType = text.plist.info; path = Info.plist; sourceTree = "<group>"; };
		4B7A1D6E3488A923AC363790 /* WorkoutCell.h */ = {isa = PBXFileReference; fileEncoding = 4; lastKnownFileType = sourcecode.c.h; path = WorkoutCell.h; sourceTree = "<group>"; };
		4B7A1E66FCAAE1673D403629 /* ViewController.h */ = {isa = PBXFileReference; fileEncoding = 4; lastKnownFileType = sourcecode.c.h; path = ViewController.h; sourceTree = "<group>"; };
		4B7A1EABC4B168ED5DD1309A /* Gym_Diary.xcdatamodel */ = {isa = PBXFileReference; lastKnownFileType = wrapper.xcdatamodel; path = Gym_Diary.xcdatamodel; sourceTree = "<group>"; };
		4B7A1F2528C68914E1B50931 /* UITextField+TextHelper.m */ = {isa = PBXFileReference; fileEncoding = 4; lastKnownFileType = sourcecode.c.objc; path = "UITextField+TextHelper.m"; sourceTree = "<group>"; };
		4B7A1F70E570FDF75F8D9D9B /* SetAndRepsInputRow.xib */ = {isa = PBXFileReference; lastKnownFileType = file.xib; path = SetAndRepsInputRow.xib; sourceTree = "<group>"; };
		4B7A1F84EDCE0D1B1DBE3A37 /* WorkoutCell.m */ = {isa = PBXFileReference; fileEncoding = 4; lastKnownFileType = sourcecode.c.objc; path = WorkoutCell.m; sourceTree = "<group>"; };
		BA4D5C8FEFBF2EB6EFCE51B6 /* libPods.a */ = {isa = PBXFileReference; explicitFileType = archive.ar; includeInIndex = 0; path = libPods.a; sourceTree = BUILT_PRODUCTS_DIR; };
		DCB39CE25EEE07E22352E3D2 /* Pods.release.xcconfig */ = {isa = PBXFileReference; includeInIndex = 1; lastKnownFileType = text.xcconfig; name = Pods.release.xcconfig; path = "Pods/Target Support Files/Pods/Pods.release.xcconfig"; sourceTree = "<group>"; };
/* End PBXFileReference section */

/* Begin PBXFrameworksBuildPhase section */
		4B7A17EA9E049FFC4E2C99B6 /* Frameworks */ = {
			isa = PBXFrameworksBuildPhase;
			buildActionMask = 2147483647;
			files = (
			);
			runOnlyForDeploymentPostprocessing = 0;
		};
		4B7A1D5AAB0A22848239C572 /* Frameworks */ = {
			isa = PBXFrameworksBuildPhase;
			buildActionMask = 2147483647;
			files = (
				8CFED3C1400ADB00549482E9 /* libPods.a in Frameworks */,
			);
			runOnlyForDeploymentPostprocessing = 0;
		};
/* End PBXFrameworksBuildPhase section */

/* Begin PBXGroup section */
		303A1A641A55978300FFE80E /* view */ = {
			isa = PBXGroup;
			children = (
				303A1A651A55978E00FFE80E /* notification */,
				30C8295B1A59976800A43C0D /* cell */,
				4B7A1BEC81FB3B46EF6A0AD9 /* category */,
				4B7A1ECEE60C719589070D39 /* cards */,
			);
			name = view;
			sourceTree = "<group>";
		};
		303A1A651A55978E00FFE80E /* notification */ = {
			isa = PBXGroup;
			children = (
				303A1A611A55977100FFE80E /* DynamicNotification.h */,
				303A1A621A55977100FFE80E /* DynamicNotification.m */,
			);
			name = notification;
			sourceTree = "<group>";
		};
		303A1A721A55BF3700FFE80E /* categories */ = {
			isa = PBXGroup;
			children = (
				303A1A6F1A55BF3300FFE80E /* Activity+ObjectOperations.h */,
				303A1A701A55BF3300FFE80E /* Activity+ObjectOperations.m */,
			);
			name = categories;
			sourceTree = "<group>";
		};
		30C8295B1A59976800A43C0D /* cell */ = {
			isa = PBXGroup;
			children = (
				30C829581A59976400A43C0D /* ActivityCell.h */,
				30C829591A59976400A43C0D /* ActivityCell.m */,
				4B7A1F84EDCE0D1B1DBE3A37 /* WorkoutCell.m */,
				4B7A1D6E3488A923AC363790 /* WorkoutCell.h */,
			);
			name = cell;
			sourceTree = "<group>";
		};
		30CA1A781A546452003B0EE5 /* model */ = {
			isa = PBXGroup;
			children = (
				30C8294F1A5984A300A43C0D /* Activity.h */,
				30C829501A5984A300A43C0D /* Activity.m */,
				30C8294C1A59847B00A43C0D /* Workout.h */,
				30C8294D1A59847B00A43C0D /* Workout.m */,
				30C829491A59847B00A43C0D /* Schedule.h */,
				30C8294A1A59847B00A43C0D /* Schedule.m */,
				30C829461A59847B00A43C0D /* ActivitySetMap.h */,
				30C829471A59847B00A43C0D /* ActivitySetMap.m */,
				30C829431A59847B00A43C0D /* ActivityWorkoutMap.h */,
				30C829441A59847B00A43C0D /* ActivityWorkoutMap.m */,
				30C829401A59847B00A43C0D /* Pattern.h */,
				30C829411A59847B00A43C0D /* Pattern.m */,
				303A1A721A55BF3700FFE80E /* categories */,
				4B7A17089E4BB9730D63D0C5 /* repository */,
			);
			name = model;
			sourceTree = "<group>";
		};
		30CA1A7F1A546BD7003B0EE5 /* base */ = {
			isa = PBXGroup;
			children = (
				30CA1A791A5466F2003B0EE5 /* BaseCoreDataFetchingTableViewController.h */,
				30CA1A7A1A5466F2003B0EE5 /* BaseCoreDataFetchingTableViewController.m */,
			);
			name = base;
			sourceTree = "<group>";
		};
		3A24A6B6703B2220068A04EF /* Frameworks */ = {
			isa = PBXGroup;
			children = (
				BA4D5C8FEFBF2EB6EFCE51B6 /* libPods.a */,
			);
			name = Frameworks;
			sourceTree = "<group>";
		};
		4B7A112FA2A4DD71EA33F3CB /* inputs */ = {
			isa = PBXGroup;
			children = (
				4B7A137079CE987078FF2971 /* SetAndRepsInputRow.h */,
				4B7A132B8EE0CC527D4C8BDE /* SetAndRepsInputRow.m */,
				4B7A1F70E570FDF75F8D9D9B /* SetAndRepsInputRow.xib */,
			);
			name = inputs;
			sourceTree = "<group>";
		};
		4B7A11C5C93A36E343F8B46D /* Supporting Files */ = {
			isa = PBXGroup;
			children = (
				4B7A16DF6D4B4B25AF56DA0E /* Info.plist */,
			);
			name = "Supporting Files";
			sourceTree = "<group>";
		};
		4B7A1372C351D1357B5CC540 /* Products */ = {
			isa = PBXGroup;
			children = (
				4B7A1BE0EFF01D10BC5609DE /* Gym Diary.app */,
				4B7A16F9C7DBDBE4987B21F1 /* Gym DiaryTests.xctest */,
			);
			name = Products;
			sourceTree = "<group>";
		};
		4B7A139F34E9003D0F71FA1B = {
			isa = PBXGroup;
			children = (
				4B7A1372C351D1357B5CC540 /* Products */,
				4B7A17EDFAD579DC404331E0 /* Gym Diary */,
				4B7A1D0780EB02A06148E816 /* Gym DiaryTests */,
				51735DE26C24E5FE2C4162A5 /* Pods */,
				3A24A6B6703B2220068A04EF /* Frameworks */,
			);
			sourceTree = "<group>";
		};
		4B7A17089E4BB9730D63D0C5 /* repository */ = {
			isa = PBXGroup;
			children = (
			);
			name = repository;
			sourceTree = "<group>";
		};
		4B7A17EDFAD579DC404331E0 /* Gym Diary */ = {
			isa = PBXGroup;
			children = (
				30CA1A781A546452003B0EE5 /* model */,
				4B7A19BFC3860BB6E909A4DB /* Supporting Files */,
				4B7A1896F74B695AE0251E25 /* Images.xcassets */,
				4B7A11C9DC2E3EF497DD8EDD /* LaunchScreen.xib */,
				4B7A173AD14646AEC3EB7352 /* AppDelegate.h */,
				4B7A19D1664A4EA8FC0EB453 /* AppDelegate.m */,
				4B7A188EA092617AF9F0D88C /* Gym_Diary.xcdatamodeld */,
				30DA2B671A60875400A54301 /* defines.h */,
				4B7A1A1C961D9B6A56A6119D /* Main.storyboard */,
				4B7A18B30C097B5236C37249 /* controller */,
				303A1A641A55978300FFE80E /* view */,
			);
			path = "Gym Diary";
			sourceTree = "<group>";
		};
		4B7A18B30C097B5236C37249 /* controller */ = {
			isa = PBXGroup;
			children = (
				30CA1A7F1A546BD7003B0EE5 /* base */,
				30CA1A7C1A546BCE003B0EE5 /* ActivityOverViewTableViewController.h */,
				30CA1A7D1A546BCE003B0EE5 /* ActivityOverViewTableViewController.m */,
				303A1A5E1A558EAD00FFE80E /* InsertOrUpdateSingleActivityViewController.h */,
				303A1A5F1A558EAD00FFE80E /* InsertOrUpdateSingleActivityViewController.m */,
				4B7A1E66FCAAE1673D403629 /* ViewController.h */,
				4B7A1232CFBF89D9059AC54E /* ViewController.m */,
				30C829521A598E9E00A43C0D /* WorkoutOverViewTableViewController.h */,
				30C829531A598E9E00A43C0D /* WorkoutOverViewTableViewController.m */,
				30EE303C1A5B183100DD6AB8 /* InsertOrUpdateWorkoutTableViewController.h */,
				30EE303D1A5B183100DD6AB8 /* InsertOrUpdateWorkoutTableViewController.m */,
				30E9B0F91A5F00430079A408 /* SingleActivityResultViewController.h */,
				30E9B0FA1A5F00430079A408 /* SingleActivityResultViewController.m */,
				30E9B0FC1A5F009F0079A408 /* SingleWorkoutResultViewController.h */,
				30E9B0FD1A5F009F0079A408 /* SingleWorkoutResultViewController.m */,
				307CC3FA1A62ECBC00BB3E89 /* ActivityPickerController.h */,
				307CC3FB1A62ECBC00BB3E89 /* ActivityPickerController.m */,
			);
			path = controller;
			sourceTree = "<group>";
		};
		4B7A19BFC3860BB6E909A4DB /* Supporting Files */ = {
			isa = PBXGroup;
			children = (
				4B7A1D4B13D60965E259E701 /* Info.plist */,
				4B7A10550BE233ED9B9EA9C8 /* main.m */,
			);
			name = "Supporting Files";
			sourceTree = "<group>";
		};
		4B7A1BEC81FB3B46EF6A0AD9 /* category */ = {
			isa = PBXGroup;
			children = (
				4B7A1F2528C68914E1B50931 /* UITextField+TextHelper.m */,
				4B7A1C4BC7328C9E3FDD9065 /* UITextField+TextHelper.h */,
				307CC3FD1A62F5A800BB3E89 /* UIView+LayoutHelper.h */,
				307CC3FE1A62F5A800BB3E89 /* UIView+LayoutHelper.m */,
			);
			name = category;
			sourceTree = "<group>";
		};
		4B7A1D0780EB02A06148E816 /* Gym DiaryTests */ = {
			isa = PBXGroup;
			children = (
				4B7A11C5C93A36E343F8B46D /* Supporting Files */,
				4B7A143568F6FBDC9D3993C1 /* Gym_DiaryTests.m */,
			);
			path = "Gym DiaryTests";
			sourceTree = "<group>";
		};
		4B7A1ECEE60C719589070D39 /* cards */ = {
			isa = PBXGroup;
			children = (
				4B7A1EEB161B0D24F64C1E9A /* layout */,
				4B7A112FA2A4DD71EA33F3CB /* inputs */,
			);
			name = cards;
			sourceTree = "<group>";
		};
		4B7A1EEB161B0D24F64C1E9A /* layout */ = {
			isa = PBXGroup;
			children = (
				4B7A19191C19D9A40DA07B21 /* ActivityCard.h */,
				4B7A17F7627B8CF4576DB4B2 /* ActivityCard.m */,
			);
			name = layout;
			sourceTree = "<group>";
		};
		51735DE26C24E5FE2C4162A5 /* Pods */ = {
			isa = PBXGroup;
			children = (
				1630FC455C2FAB30077B50FB /* Pods.debug.xcconfig */,
				DCB39CE25EEE07E22352E3D2 /* Pods.release.xcconfig */,
			);
			name = Pods;
			sourceTree = "<group>";
		};
/* End PBXGroup section */

/* Begin PBXNativeTarget section */
		4B7A1F38A1549DC5DC36C9EB /* Gym DiaryTests */ = {
			isa = PBXNativeTarget;
			buildConfigurationList = 4B7A1CFEE92D65131AF1B6CB /* Build configuration list for PBXNativeTarget "Gym DiaryTests" */;
			buildPhases = (
				4B7A1FE281B0B42C34481A58 /* Sources */,
				4B7A17EA9E049FFC4E2C99B6 /* Frameworks */,
				4B7A1D9528635A7152FCC961 /* Resources */,
			);
			buildRules = (
			);
			dependencies = (
				4B7A1D831B0EE35D04D92D11 /* PBXTargetDependency */,
			);
			name = "Gym DiaryTests";
			productName = "Gym DiaryTests";
			productReference = 4B7A16F9C7DBDBE4987B21F1 /* Gym DiaryTests.xctest */;
			productType = "com.apple.product-type.bundle.unit-test";
		};
		4B7A1FDC79B09C17AA8F56FD /* Gym Diary */ = {
			isa = PBXNativeTarget;
			buildConfigurationList = 4B7A1D39018B99E354883E58 /* Build configuration list for PBXNativeTarget "Gym Diary" */;
			buildPhases = (
				00CC2E028420CF0007467731 /* Check Pods Manifest.lock */,
				4B7A1BAA627CE4E1A5B212D1 /* Sources */,
				4B7A1D5AAB0A22848239C572 /* Frameworks */,
				4B7A11D983CFA04B83169772 /* Resources */,
				FB7B1D6CF2470942638048D8 /* Copy Pods Resources */,
			);
			buildRules = (
			);
			dependencies = (
			);
			name = "Gym Diary";
			productName = "Gym Diary";
			productReference = 4B7A1BE0EFF01D10BC5609DE /* Gym Diary.app */;
			productType = "com.apple.product-type.application";
		};
/* End PBXNativeTarget section */

/* Begin PBXProject section */
		4B7A1553D07D9A8EEC2529E2 /* Project object */ = {
			isa = PBXProject;
			attributes = {
				ORGANIZATIONNAME = "Roman Klauke";
			};
			buildConfigurationList = 4B7A1EF008CA54E6E46482F6 /* Build configuration list for PBXProject "Gym Diary" */;
			compatibilityVersion = "Xcode 3.2";
			developmentRegion = English;
			hasScannedForEncodings = 0;
			knownRegions = (
				en,
			);
			mainGroup = 4B7A139F34E9003D0F71FA1B;
			productRefGroup = 4B7A1372C351D1357B5CC540 /* Products */;
			projectDirPath = "";
			projectRoot = "";
			targets = (
				4B7A1FDC79B09C17AA8F56FD /* Gym Diary */,
				4B7A1F38A1549DC5DC36C9EB /* Gym DiaryTests */,
			);
		};
/* End PBXProject section */

/* Begin PBXResourcesBuildPhase section */
		4B7A11D983CFA04B83169772 /* Resources */ = {
			isa = PBXResourcesBuildPhase;
			buildActionMask = 2147483647;
			files = (
				4B7A18FCC31D03DAC1B8CAC6 /* Images.xcassets in Resources */,
				4B7A10F0A309844FF6E10262 /* LaunchScreen.xib in Resources */,
				4B7A1D49208B4072108AF3CB /* Main.storyboard in Resources */,
				4B7A1848150BF30A2AF42F97 /* SetAndRepsInputRow.xib in Resources */,
			);
			runOnlyForDeploymentPostprocessing = 0;
		};
		4B7A1D9528635A7152FCC961 /* Resources */ = {
			isa = PBXResourcesBuildPhase;
			buildActionMask = 2147483647;
			files = (
			);
			runOnlyForDeploymentPostprocessing = 0;
		};
/* End PBXResourcesBuildPhase section */

/* Begin PBXShellScriptBuildPhase section */
		00CC2E028420CF0007467731 /* Check Pods Manifest.lock */ = {
			isa = PBXShellScriptBuildPhase;
			buildActionMask = 2147483647;
			files = (
			);
			inputPaths = (
			);
			name = "Check Pods Manifest.lock";
			outputPaths = (
			);
			runOnlyForDeploymentPostprocessing = 0;
			shellPath = /bin/sh;
			shellScript = "diff \"${PODS_ROOT}/../Podfile.lock\" \"${PODS_ROOT}/Manifest.lock\" > /dev/null\nif [[ $? != 0 ]] ; then\n    cat << EOM\nerror: The sandbox is not in sync with the Podfile.lock. Run 'pod install' or update your CocoaPods installation.\nEOM\n    exit 1\nfi\n";
			showEnvVarsInLog = 0;
		};
		FB7B1D6CF2470942638048D8 /* Copy Pods Resources */ = {
			isa = PBXShellScriptBuildPhase;
			buildActionMask = 2147483647;
			files = (
			);
			inputPaths = (
			);
			name = "Copy Pods Resources";
			outputPaths = (
			);
			runOnlyForDeploymentPostprocessing = 0;
			shellPath = /bin/sh;
			shellScript = "\"${SRCROOT}/Pods/Target Support Files/Pods/Pods-resources.sh\"\n";
			showEnvVarsInLog = 0;
		};
/* End PBXShellScriptBuildPhase section */

/* Begin PBXSourcesBuildPhase section */
		4B7A1BAA627CE4E1A5B212D1 /* Sources */ = {
			isa = PBXSourcesBuildPhase;
			buildActionMask = 2147483647;
			files = (
				30E9B0FB1A5F00430079A408 /* SingleActivityResultViewController.m in Sources */,
				4B7A1F81C8C6BE281E9A07D7 /* main.m in Sources */,
				30C829451A59847B00A43C0D /* ActivityWorkoutMap.m in Sources */,
				30EE303E1A5B183100DD6AB8 /* InsertOrUpdateWorkoutTableViewController.m in Sources */,
				307CC3FF1A62F5A800BB3E89 /* UIView+LayoutHelper.m in Sources */,
				30C8294E1A59847B00A43C0D /* Workout.m in Sources */,
				30E9B0FE1A5F009F0079A408 /* SingleWorkoutResultViewController.m in Sources */,
				30C8294B1A59847B00A43C0D /* Schedule.m in Sources */,
				307CC3FC1A62ECBC00BB3E89 /* ActivityPickerController.m in Sources */,
				30C829511A5984A300A43C0D /* Activity.m in Sources */,
				30CA1A7E1A546BCE003B0EE5 /* ActivityOverViewTableViewController.m in Sources */,
				30C8295A1A59976400A43C0D /* ActivityCell.m in Sources */,
				30C829421A59847B00A43C0D /* Pattern.m in Sources */,
				30CA1A7B1A5466F2003B0EE5 /* BaseCoreDataFetchingTableViewController.m in Sources */,
				30C829541A598E9E00A43C0D /* WorkoutOverViewTableViewController.m in Sources */,
				4B7A18CA7EDCFC512A73EB42 /* AppDelegate.m in Sources */,
				30C829481A59847B00A43C0D /* ActivitySetMap.m in Sources */,
				303A1A601A558EAD00FFE80E /* InsertOrUpdateSingleActivityViewController.m in Sources */,
				303A1A711A55BF3300FFE80E /* Activity+ObjectOperations.m in Sources */,
				303A1A631A55977100FFE80E /* DynamicNotification.m in Sources */,
				4B7A12B009F052D87CA7C68A /* Gym_Diary.xcdatamodeld in Sources */,
				4B7A11802F2EB0A02351BF87 /* ViewController.m in Sources */,
				4B7A18CD57CBBDEC00C4A075 /* UITextField+TextHelper.m in Sources */,
				4B7A1C8578B0E777697A6E8E /* WorkoutCell.m in Sources */,
				4B7A1A97993BC24BFA0925C4 /* ActivityCard.m in Sources */,
				4B7A112BB06D2F1452684C40 /* SetAndRepsInputRow.m in Sources */,
			);
			runOnlyForDeploymentPostprocessing = 0;
		};
		4B7A1FE281B0B42C34481A58 /* Sources */ = {
			isa = PBXSourcesBuildPhase;
			buildActionMask = 2147483647;
			files = (
				4B7A15F9B2E5ACDC2E4FDB55 /* Gym_DiaryTests.m in Sources */,
			);
			runOnlyForDeploymentPostprocessing = 0;
		};
/* End PBXSourcesBuildPhase section */

/* Begin PBXTargetDependency section */
		4B7A1D831B0EE35D04D92D11 /* PBXTargetDependency */ = {
			isa = PBXTargetDependency;
			target = 4B7A1FDC79B09C17AA8F56FD /* Gym Diary */;
			targetProxy = 4B7A10F5BDFF873E76867685 /* PBXContainerItemProxy */;
		};
/* End PBXTargetDependency section */

/* Begin PBXVariantGroup section */
		4B7A11C9DC2E3EF497DD8EDD /* LaunchScreen.xib */ = {
			isa = PBXVariantGroup;
			children = (
				4B7A149CC6A4A73ACFB0F455 /* Base */,
			);
			name = LaunchScreen.xib;
			sourceTree = "<group>";
		};
		4B7A1A1C961D9B6A56A6119D /* Main.storyboard */ = {
			isa = PBXVariantGroup;
			children = (
				4B7A137EAB8FFD179AF512C7 /* Base */,
			);
			name = Main.storyboard;
			sourceTree = "<group>";
		};
/* End PBXVariantGroup section */

/* Begin XCBuildConfiguration section */
		4B7A11F650B24981523D6685 /* Release */ = {
			isa = XCBuildConfiguration;
			buildSettings = {
				BUNDLE_LOADER = "$(BUILT_PRODUCTS_DIR)/Gym Diary.app/Gym Diary";
				FRAMEWORK_SEARCH_PATHS = (
					"$(SDKROOT)/Developer/Library/Frameworks",
					"$(inherited)",
				);
				INFOPLIST_FILE = "Gym DiaryTests/Info.plist";
				LD_RUNPATH_SEARCH_PATHS = "$(inherited) @executable_path/Frameworks @loader_path/Frameworks";
				PRODUCT_NAME = "$(TARGET_NAME)";
				TEST_HOST = "$(BUNDLE_LOADER)";
			};
			name = Release;
		};
		4B7A12ABC1FC1A05F1F1DAA1 /* Debug */ = {
			isa = XCBuildConfiguration;
			buildSettings = {
				ALWAYS_SEARCH_USER_PATHS = NO;
				CLANG_CXX_LANGUAGE_STANDARD = "gnu++0x";
				CLANG_CXX_LIBRARY = "libc++";
				CLANG_ENABLE_MODULES = YES;
				CLANG_ENABLE_OBJC_ARC = YES;
				CLANG_WARN_BOOL_CONVERSION = YES;
				CLANG_WARN_CONSTANT_CONVERSION = YES;
				CLANG_WARN_DIRECT_OBJC_ISA_USAGE = YES_ERROR;
				CLANG_WARN_EMPTY_BODY = YES;
				CLANG_WARN_ENUM_CONVERSION = YES;
				CLANG_WARN_INT_CONVERSION = YES;
				CLANG_WARN_OBJC_ROOT_CLASS = YES_ERROR;
				CLANG_WARN_UNREACHABLE_CODE = YES;
				CLANG_WARN__DUPLICATE_METHOD_MATCH = YES;
				"CODE_SIGN_IDENTITY[sdk=iphoneos*]" = "iPhone Developer";
				COPY_PHASE_STRIP = NO;
				ENABLE_STRICT_OBJC_MSGSEND = YES;
				GCC_C_LANGUAGE_STANDARD = gnu99;
				GCC_DYNAMIC_NO_PIC = NO;
				GCC_OPTIMIZATION_LEVEL = 0;
				GCC_PREPROCESSOR_DEFINITIONS = (
					"DEBUG=1",
					"$(inherited)",
				);
				GCC_SYMBOLS_PRIVATE_EXTERN = NO;
				GCC_WARN_64_TO_32_BIT_CONVERSION = YES;
				GCC_WARN_ABOUT_RETURN_TYPE = YES_ERROR;
				GCC_WARN_UNDECLARED_SELECTOR = YES;
				GCC_WARN_UNINITIALIZED_AUTOS = YES_AGGRESSIVE;
				GCC_WARN_UNUSED_FUNCTION = YES;
				GCC_WARN_UNUSED_VARIABLE = YES;
				IPHONEOS_DEPLOYMENT_TARGET = 8.1;
				MTL_ENABLE_DEBUG_INFO = YES;
				ONLY_ACTIVE_ARCH = YES;
				SDKROOT = iphoneos;
			};
			name = Debug;
		};
		4B7A147B5FC2E3ABF1907D96 /* Debug */ = {
			isa = XCBuildConfiguration;
			baseConfigurationReference = 1630FC455C2FAB30077B50FB /* Pods.debug.xcconfig */;
			buildSettings = {
				ASSETCATALOG_COMPILER_APPICON_NAME = AppIcon;
				INFOPLIST_FILE = "Gym Diary/Info.plist";
				LD_RUNPATH_SEARCH_PATHS = "$(inherited) @executable_path/Frameworks";
				PRODUCT_NAME = "$(TARGET_NAME)";
				USER_HEADER_SEARCH_PATHS = "\"${PROJECT_DIR}/Pods\"/**";
			};
			name = Debug;
		};
		4B7A1AF3712F8626A1687CB0 /* Debug */ = {
			isa = XCBuildConfiguration;
			buildSettings = {
				BUNDLE_LOADER = "$(BUILT_PRODUCTS_DIR)/Gym Diary.app/Gym Diary";
				FRAMEWORK_SEARCH_PATHS = (
					"$(SDKROOT)/Developer/Library/Frameworks",
					"$(inherited)",
				);
				INFOPLIST_FILE = "Gym DiaryTests/Info.plist";
				LD_RUNPATH_SEARCH_PATHS = "$(inherited) @executable_path/Frameworks @loader_path/Frameworks";
				PRODUCT_NAME = "$(TARGET_NAME)";
				TEST_HOST = "$(BUNDLE_LOADER)";
			};
			name = Debug;
		};
		4B7A1C7C03D3D375148C15C5 /* Release */ = {
			isa = XCBuildConfiguration;
			baseConfigurationReference = DCB39CE25EEE07E22352E3D2 /* Pods.release.xcconfig */;
			buildSettings = {
				ASSETCATALOG_COMPILER_APPICON_NAME = AppIcon;
				INFOPLIST_FILE = "Gym Diary/Info.plist";
				LD_RUNPATH_SEARCH_PATHS = "$(inherited) @executable_path/Frameworks";
				PRODUCT_NAME = "$(TARGET_NAME)";
				USER_HEADER_SEARCH_PATHS = "\"${PROJECT_DIR}/Pods\"/**";
			};
			name = Release;
		};
		4B7A1CC24CE23227B7707388 /* Release */ = {
			isa = XCBuildConfiguration;
			buildSettings = {
				ALWAYS_SEARCH_USER_PATHS = NO;
				CLANG_CXX_LANGUAGE_STANDARD = "gnu++0x";
				CLANG_CXX_LIBRARY = "libc++";
				CLANG_ENABLE_MODULES = YES;
				CLANG_ENABLE_OBJC_ARC = YES;
				CLANG_WARN_BOOL_CONVERSION = YES;
				CLANG_WARN_CONSTANT_CONVERSION = YES;
				CLANG_WARN_DIRECT_OBJC_ISA_USAGE = YES_ERROR;
				CLANG_WARN_EMPTY_BODY = YES;
				CLANG_WARN_ENUM_CONVERSION = YES;
				CLANG_WARN_INT_CONVERSION = YES;
				CLANG_WARN_OBJC_ROOT_CLASS = YES_ERROR;
				CLANG_WARN_UNREACHABLE_CODE = YES;
				CLANG_WARN__DUPLICATE_METHOD_MATCH = YES;
				"CODE_SIGN_IDENTITY[sdk=iphoneos*]" = "iPhone Developer";
				COPY_PHASE_STRIP = YES;
				ENABLE_NS_ASSERTIONS = NO;
				ENABLE_STRICT_OBJC_MSGSEND = YES;
				GCC_C_LANGUAGE_STANDARD = gnu99;
				GCC_WARN_64_TO_32_BIT_CONVERSION = YES;
				GCC_WARN_ABOUT_RETURN_TYPE = YES_ERROR;
				GCC_WARN_UNDECLARED_SELECTOR = YES;
				GCC_WARN_UNINITIALIZED_AUTOS = YES_AGGRESSIVE;
				GCC_WARN_UNUSED_FUNCTION = YES;
				GCC_WARN_UNUSED_VARIABLE = YES;
				IPHONEOS_DEPLOYMENT_TARGET = 8.1;
				MTL_ENABLE_DEBUG_INFO = NO;
				SDKROOT = iphoneos;
				VALIDATE_PRODUCT = YES;
			};
			name = Release;
		};
/* End XCBuildConfiguration section */

/* Begin XCConfigurationList section */
		4B7A1CFEE92D65131AF1B6CB /* Build configuration list for PBXNativeTarget "Gym DiaryTests" */ = {
			isa = XCConfigurationList;
			buildConfigurations = (
				4B7A1AF3712F8626A1687CB0 /* Debug */,
				4B7A11F650B24981523D6685 /* Release */,
			);
			defaultConfigurationIsVisible = 0;
			defaultConfigurationName = Release;
		};
		4B7A1D39018B99E354883E58 /* Build configuration list for PBXNativeTarget "Gym Diary" */ = {
			isa = XCConfigurationList;
			buildConfigurations = (
				4B7A147B5FC2E3ABF1907D96 /* Debug */,
				4B7A1C7C03D3D375148C15C5 /* Release */,
			);
			defaultConfigurationIsVisible = 0;
			defaultConfigurationName = Release;
		};
		4B7A1EF008CA54E6E46482F6 /* Build configuration list for PBXProject "Gym Diary" */ = {
			isa = XCConfigurationList;
			buildConfigurations = (
				4B7A12ABC1FC1A05F1F1DAA1 /* Debug */,
				4B7A1CC24CE23227B7707388 /* Release */,
			);
			defaultConfigurationIsVisible = 0;
			defaultConfigurationName = Release;
		};
/* End XCConfigurationList section */

/* Begin XCVersionGroup section */
		4B7A188EA092617AF9F0D88C /* Gym_Diary.xcdatamodeld */ = {
			isa = XCVersionGroup;
			children = (
				4B7A1EABC4B168ED5DD1309A /* Gym_Diary.xcdatamodel */,
			);
			currentVersion = 4B7A1EABC4B168ED5DD1309A /* Gym_Diary.xcdatamodel */;
			path = Gym_Diary.xcdatamodeld;
			sourceTree = "<group>";
			versionGroupType = wrapper.xcdatamodel;
		};
/* End XCVersionGroup section */
	};
	rootObject = 4B7A1553D07D9A8EEC2529E2 /* Project object */;
}
