// !$*UTF8*$!
{
	archiveVersion = 1;
	classes = {
	};
	objectVersion = 46;
	objects = {

/* Begin PBXBuildFile section */
		1D20C8A8CE3FCAB97ACD1786 /* Pods.framework in Frameworks */ = {isa = PBXBuildFile; fileRef = 3B867BB6925FE62E780D313E /* Pods.framework */; };
		3001D36B1B62ADC000A3CB52 /* DetailWorkoutTableViewController.swift in Sources */ = {isa = PBXBuildFile; fileRef = 3001D36A1B62ADC000A3CB52 /* DetailWorkoutTableViewController.swift */; };
		3001D36F1B62DF5200A3CB52 /* TextFieldTableViewCell.swift in Sources */ = {isa = PBXBuildFile; fileRef = 3001D36E1B62DF5200A3CB52 /* TextFieldTableViewCell.swift */; };
		300E0C6A1B601343005CF3B9 /* ExerciseOverviewTableViewController.swift in Sources */ = {isa = PBXBuildFile; fileRef = 300E0C691B601343005CF3B9 /* ExerciseOverviewTableViewController.swift */; };
		300E0C6C1B6013C8005CF3B9 /* AddExerciseTableViewController.swift in Sources */ = {isa = PBXBuildFile; fileRef = 300E0C6B1B6013C8005CF3B9 /* AddExerciseTableViewController.swift */; };
		300E0C6E1B60150A005CF3B9 /* BodyParts.swift in Sources */ = {isa = PBXBuildFile; fileRef = 300E0C6D1B60150A005CF3B9 /* BodyParts.swift */; };
		300E0C711B6016CA005CF3B9 /* BodyPartChooserTableViewController.swift in Sources */ = {isa = PBXBuildFile; fileRef = 300E0C701B6016CA005CF3B9 /* BodyPartChooserTableViewController.swift */; };
		300E0C731B601CAD005CF3B9 /* ExerciseType.swift in Sources */ = {isa = PBXBuildFile; fileRef = 300E0C721B601CAD005CF3B9 /* ExerciseType.swift */; };
		300E0C751B6021BB005CF3B9 /* ExerciseTypeChooserTableViewController.swift in Sources */ = {isa = PBXBuildFile; fileRef = 300E0C741B6021BB005CF3B9 /* ExerciseTypeChooserTableViewController.swift */; };
		3011DADD1B72811F0031A09F /* SettingsKeys.swift in Sources */ = {isa = PBXBuildFile; fileRef = 3011DADC1B72811F0031A09F /* SettingsKeys.swift */; };
		301336D11B8F9EF200FACBE1 /* SetsRepsValueChange.swift in Sources */ = {isa = PBXBuildFile; fileRef = 301336D01B8F9EF200FACBE1 /* SetsRepsValueChange.swift */; };
		301CE8EF1B5ECE1C006C253C /* AppDelegate.swift in Sources */ = {isa = PBXBuildFile; fileRef = 301CE8EE1B5ECE1C006C253C /* AppDelegate.swift */; };
		301CE8F61B5ECE1C006C253C /* Main.storyboard in Resources */ = {isa = PBXBuildFile; fileRef = 301CE8F41B5ECE1C006C253C /* Main.storyboard */; };
		301CE8F81B5ECE1C006C253C /* Images.xcassets in Resources */ = {isa = PBXBuildFile; fileRef = 301CE8F71B5ECE1C006C253C /* Images.xcassets */; };
		301CE8FB1B5ECE1C006C253C /* LaunchScreen.xib in Resources */ = {isa = PBXBuildFile; fileRef = 301CE8F91B5ECE1C006C253C /* LaunchScreen.xib */; };
		301F08221B66B1B900D50A16 /* RunningWorkoutTableViewController.swift in Sources */ = {isa = PBXBuildFile; fileRef = 301F08211B66B1B900D50A16 /* RunningWorkoutTableViewController.swift */; };
		30213FF81B7139BC0092E965 /* SettingsTableViewController.swift in Sources */ = {isa = PBXBuildFile; fileRef = 30213FF71B7139BC0092E965 /* SettingsTableViewController.swift */; };
		30213FFB1B713A2A0092E965 /* UnitChooserTableViewController.swift in Sources */ = {isa = PBXBuildFile; fileRef = 30213FFA1B713A2A0092E965 /* UnitChooserTableViewController.swift */; };
		302140001B713B3F0092E965 /* Units.swift in Sources */ = {isa = PBXBuildFile; fileRef = 30213FFF1B713B3F0092E965 /* Units.swift */; };
		3021DF791C2B20CE009D7F77 /* GymLogger.xcdatamodeld in Sources */ = {isa = PBXBuildFile; fileRef = 3021DF771C2B20CE009D7F77 /* GymLogger.xcdatamodeld */; };
		3051E7681BC174FF00159116 /* RunningWorkoutMetaTableViewCell.swift in Sources */ = {isa = PBXBuildFile; fileRef = 3051E7671BC174FF00159116 /* RunningWorkoutMetaTableViewCell.swift */; };
		3071CB7B1B650B0D00B0313E /* ExerciseChooser.swift in Sources */ = {isa = PBXBuildFile; fileRef = 3071CB7A1B650B0D00B0313E /* ExerciseChooser.swift */; };
		3071CB7E1B652C8100B0313E /* StartNewWorkoutSelectionTableViewController.swift in Sources */ = {isa = PBXBuildFile; fileRef = 3071CB7D1B652C8100B0313E /* StartNewWorkoutSelectionTableViewController.swift */; };
		3071CB801B6539D200B0313E /* DatePickerTableViewCell.swift in Sources */ = {isa = PBXBuildFile; fileRef = 3071CB7F1B6539D200B0313E /* DatePickerTableViewCell.swift */; };
		30751E631B826410005F8695 /* DistanceTrackingTableViewController.swift in Sources */ = {isa = PBXBuildFile; fileRef = 30751E621B826410005F8695 /* DistanceTrackingTableViewController.swift */; };
		30751E651B826420005F8695 /* SetsRepsTrackingTableViewController.swift in Sources */ = {isa = PBXBuildFile; fileRef = 30751E641B826420005F8695 /* SetsRepsTrackingTableViewController.swift */; };
		30751E671B826593005F8695 /* BaseTrackerTableViewController.swift in Sources */ = {isa = PBXBuildFile; fileRef = 30751E661B826593005F8695 /* BaseTrackerTableViewController.swift */; };
		3083C77D1B6170110078393D /* WorkoutOverviewTableViewController.swift in Sources */ = {isa = PBXBuildFile; fileRef = 3083C77C1B6170110078393D /* WorkoutOverviewTableViewController.swift */; };
		3083C7801B61706F0078393D /* BaseOverviewTableViewController.swift in Sources */ = {isa = PBXBuildFile; fileRef = 3083C77F1B61706F0078393D /* BaseOverviewTableViewController.swift */; };
		3091C66F1C33FDB90098CF4B /* WorkoutRoutineExerciseMapEntity+CoreDataProperties.swift in Sources */ = {isa = PBXBuildFile; fileRef = 3091C66D1C33FDB90098CF4B /* WorkoutRoutineExerciseMapEntity+CoreDataProperties.swift */; };
		3091C6701C33FDB90098CF4B /* WorkoutRoutineExerciseMapEntity.swift in Sources */ = {isa = PBXBuildFile; fileRef = 3091C66E1C33FDB90098CF4B /* WorkoutRoutineExerciseMapEntity.swift */; };
		3091C6751C36EA060098CF4B /* ProgressShotCollectionEntity+CoreDataProperties.swift in Sources */ = {isa = PBXBuildFile; fileRef = 3091C6711C36EA060098CF4B /* ProgressShotCollectionEntity+CoreDataProperties.swift */; };
		3091C6761C36EA060098CF4B /* ProgressShotCollectionEntity.swift in Sources */ = {isa = PBXBuildFile; fileRef = 3091C6721C36EA060098CF4B /* ProgressShotCollectionEntity.swift */; };
		3091C6771C36EA060098CF4B /* ProgressShotEntity+CoreDataProperties.swift in Sources */ = {isa = PBXBuildFile; fileRef = 3091C6731C36EA060098CF4B /* ProgressShotEntity+CoreDataProperties.swift */; };
		3091C6781C36EA060098CF4B /* ProgressShotEntity.swift in Sources */ = {isa = PBXBuildFile; fileRef = 3091C6741C36EA060098CF4B /* ProgressShotEntity.swift */; };
		309C83E71B8B981C004E3415 /* SetsRepsTrackingTableViewCell.swift in Sources */ = {isa = PBXBuildFile; fileRef = 309C83E61B8B981C004E3415 /* SetsRepsTrackingTableViewCell.swift */; };
		30E2F7511B6D1F7F004CB0CE /* WorkoutHistoryTableViewController.swift in Sources */ = {isa = PBXBuildFile; fileRef = 30E2F7501B6D1F7F004CB0CE /* WorkoutHistoryTableViewController.swift */; };
		30E4F9401B6FE84B0019BEA4 /* ExerciseToWorkoutChooser.swift in Sources */ = {isa = PBXBuildFile; fileRef = 30E4F93F1B6FE84B0019BEA4 /* ExerciseToWorkoutChooser.swift */; };
		30E4F9421B6FF8330019BEA4 /* WorkoutExercisePerformanceTableViewController.swift in Sources */ = {isa = PBXBuildFile; fileRef = 30E4F9411B6FF8330019BEA4 /* WorkoutExercisePerformanceTableViewController.swift */; };
		30EEC7861BB3080C00C58ADF /* StartNewWorkoutDataSource.swift in Sources */ = {isa = PBXBuildFile; fileRef = 30EEC7851BB3080C00C58ADF /* StartNewWorkoutDataSource.swift */; };
		30EEC7891BB30A4A00C58ADF /* StartNewWorkoutSections.swift in Sources */ = {isa = PBXBuildFile; fileRef = 30EEC7881BB30A4A00C58ADF /* StartNewWorkoutSections.swift */; };
		30EEC78B1BB312A200C58ADF /* StartNewWorkoutRoutineCell.swift in Sources */ = {isa = PBXBuildFile; fileRef = 30EEC78A1BB312A200C58ADF /* StartNewWorkoutRoutineCell.swift */; };
		30EEC78D1BB31A9000C58ADF /* StartNewWorkoutDelegate.swift in Sources */ = {isa = PBXBuildFile; fileRef = 30EEC78C1BB31A9000C58ADF /* StartNewWorkoutDelegate.swift */; };
		30F7A4031BB41A69005EE853 /* RunningWorkoutDataSource.swift in Sources */ = {isa = PBXBuildFile; fileRef = 30F7A4021BB41A69005EE853 /* RunningWorkoutDataSource.swift */; };
		30F7A4061BB41A7E005EE853 /* RunningWorkoutDelegate.swift in Sources */ = {isa = PBXBuildFile; fileRef = 30F7A4051BB41A7E005EE853 /* RunningWorkoutDelegate.swift */; };
		30F7A4081BB41B9A005EE853 /* RunningWorkoutTableViewSections.swift in Sources */ = {isa = PBXBuildFile; fileRef = 30F7A4071BB41B9A005EE853 /* RunningWorkoutTableViewSections.swift */; };
		30F7A40A1BB42A9B005EE853 /* RunningWorkoutSegueIdentifiers.swift in Sources */ = {isa = PBXBuildFile; fileRef = 30F7A4091BB42A9B005EE853 /* RunningWorkoutSegueIdentifiers.swift */; };
		30F7A40C1BB4726D005EE853 /* SetsRepsDataSource.swift in Sources */ = {isa = PBXBuildFile; fileRef = 30F7A40B1BB4726D005EE853 /* SetsRepsDataSource.swift */; };
		30F7A40F1BB47288005EE853 /* SetsRepsDelegate.swift in Sources */ = {isa = PBXBuildFile; fileRef = 30F7A40E1BB47288005EE853 /* SetsRepsDelegate.swift */; };
		30F7A4111BB475F5005EE853 /* SetsRepsSections.swift in Sources */ = {isa = PBXBuildFile; fileRef = 30F7A4101BB475F5005EE853 /* SetsRepsSections.swift */; };
		4B7A10F151F296FF104DE5AF /* DetailWorkoutTableViewDelegate.swift in Sources */ = {isa = PBXBuildFile; fileRef = 4B7A1A89D1F9439D9CC55960 /* DetailWorkoutTableViewDelegate.swift */; };
		4B7A117FB5ECEE57A9A53B60 /* TextViewInputCell.swift in Sources */ = {isa = PBXBuildFile; fileRef = 4B7A1B52339437C40ED49E8A /* TextViewInputCell.swift */; };
		4B7A118AB976FE54A738A8C3 /* ExerciseEntity.swift in Sources */ = {isa = PBXBuildFile; fileRef = 4B7A145683F6EE4D117AD889 /* ExerciseEntity.swift */; };
		4B7A122F781AC33CAFFDE3ED /* NSManagedObjectContext+Extension.swift in Sources */ = {isa = PBXBuildFile; fileRef = 4B7A13729150E89C95032AA6 /* NSManagedObjectContext+Extension.swift */; };
		4B7A1285395EBD49A9E17129 /* PerformanceEntity+CoreDataProperties.swift in Sources */ = {isa = PBXBuildFile; fileRef = 4B7A1FF753E3AAFAF485E501 /* PerformanceEntity+CoreDataProperties.swift */; };
		4B7A12983EB06D653B6B9E21 /* DetailWorkoutTableViewDataSource.swift in Sources */ = {isa = PBXBuildFile; fileRef = 4B7A153CFEA51B706F230499 /* DetailWorkoutTableViewDataSource.swift */; };
		4B7A13079A82126B81BC1749 /* NSManagedObjectModel+Extensions.swift in Sources */ = {isa = PBXBuildFile; fileRef = 4B7A111105BE84F402BFADB5 /* NSManagedObjectModel+Extensions.swift */; };
		4B7A1352420F5BC0B2720BF5 /* NSManagedObject+Extension.swift in Sources */ = {isa = PBXBuildFile; fileRef = 4B7A17665C82320CFBE88C8D /* NSManagedObject+Extension.swift */; };
		4B7A13DF9AA29A09CD3E2188 /* DetailWorkoutSections.swift in Sources */ = {isa = PBXBuildFile; fileRef = 4B7A1B1D3886BCEEEA4A5A2A /* DetailWorkoutSections.swift */; };
		4B7A14B428115B12BB34F61B /* PerformanceExerciseMapEntity.swift in Sources */ = {isa = PBXBuildFile; fileRef = 4B7A148B04A7B42713D24C99 /* PerformanceExerciseMapEntity.swift */; };
		4B7A15863602D720EBECD814 /* BaseTabBarController.swift in Sources */ = {isa = PBXBuildFile; fileRef = 4B7A111906EBD433CF0B153F /* BaseTabBarController.swift */; };
		4B7A164143B242AECD24DC35 /* WorkoutEntity+CoreDataProperties.swift in Sources */ = {isa = PBXBuildFile; fileRef = 4B7A155FCCD968D35BCD5A76 /* WorkoutEntity+CoreDataProperties.swift */; };
		4B7A16499414A5D1529B568E /* PerformanceExerciseMapEntity+CoreDataProperties.swift in Sources */ = {isa = PBXBuildFile; fileRef = 4B7A14BDDFDC440F84011C53 /* PerformanceExerciseMapEntity+CoreDataProperties.swift */; };
		4B7A17C9F41698B06B945164 /* WorkoutEntity.swift in Sources */ = {isa = PBXBuildFile; fileRef = 4B7A138A4A7A4B9B1DF7D74E /* WorkoutEntity.swift */; };
		4B7A1892D0E6C1A78080D377 /* DetailWorkoutConstants.swift in Sources */ = {isa = PBXBuildFile; fileRef = 4B7A198A9003E026AF6F9EE2 /* DetailWorkoutConstants.swift */; };
		4B7A18CA1CFACD01FA11E4BA /* FetchControllerBase.m in Sources */ = {isa = PBXBuildFile; fileRef = 4B7A146B01309C84FB41D1BC /* FetchControllerBase.m */; };
		4B7A18FAE2C7B2ABD13739DE /* PerformanceEntity.swift in Sources */ = {isa = PBXBuildFile; fileRef = 4B7A174C814C40ED3AE660F4 /* PerformanceEntity.swift */; };
		4B7A19F47D218BA2AC45C388 /* NSFetchRequest+Extension.swift in Sources */ = {isa = PBXBuildFile; fileRef = 4B7A114B09F54AE228B9BE88 /* NSFetchRequest+Extension.swift */; };
		4B7A1D19428D6823A2F48B45 /* NSURL+Extensions.swift in Sources */ = {isa = PBXBuildFile; fileRef = 4B7A18AC2759DEA25459EDBA /* NSURL+Extensions.swift */; };
		4B7A1E51786061C2DE334C9D /* WorkoutRoutineEntity+CoreDataProperties.swift in Sources */ = {isa = PBXBuildFile; fileRef = 4B7A1B7D9EEC45CF3B48044F /* WorkoutRoutineEntity+CoreDataProperties.swift */; };
		4B7A1ED5A751659B601E76FA /* WorkoutRoutineEntity.swift in Sources */ = {isa = PBXBuildFile; fileRef = 4B7A1DB30FF246307F82CB61 /* WorkoutRoutineEntity.swift */; };
		4B7A1F80D15FB218E538FA75 /* ExerciseEntity+CoreDataProperties.swift in Sources */ = {isa = PBXBuildFile; fileRef = 4B7A13D42346B4EB2FCB9362 /* ExerciseEntity+CoreDataProperties.swift */; };
		4B7A1FD1A4F4C59ED4152CF7 /* DataCoordinator.swift in Sources */ = {isa = PBXBuildFile; fileRef = 4B7A11278A1AA7D8D62BCAD6 /* DataCoordinator.swift */; };
/* End PBXBuildFile section */

/* Begin PBXFileReference section */
		1CAB2354C15F2F9A157F7FBB /* Pods.debug.xcconfig */ = {isa = PBXFileReference; includeInIndex = 1; lastKnownFileType = text.xcconfig; name = Pods.debug.xcconfig; path = "Pods/Target Support Files/Pods/Pods.debug.xcconfig"; sourceTree = "<group>"; };
		29DFE1A4DB348535570A59E7 /* Pods-GymLoggerTests.debug.xcconfig */ = {isa = PBXFileReference; includeInIndex = 1; lastKnownFileType = text.xcconfig; name = "Pods-GymLoggerTests.debug.xcconfig"; path = "Pods/Target Support Files/Pods-GymLoggerTests/Pods-GymLoggerTests.debug.xcconfig"; sourceTree = "<group>"; };
		3001D36A1B62ADC000A3CB52 /* DetailWorkoutTableViewController.swift */ = {isa = PBXFileReference; fileEncoding = 4; lastKnownFileType = sourcecode.swift; path = DetailWorkoutTableViewController.swift; sourceTree = "<group>"; };
		3001D36E1B62DF5200A3CB52 /* TextFieldTableViewCell.swift */ = {isa = PBXFileReference; fileEncoding = 4; lastKnownFileType = sourcecode.swift; path = TextFieldTableViewCell.swift; sourceTree = "<group>"; };
		300E0C691B601343005CF3B9 /* ExerciseOverviewTableViewController.swift */ = {isa = PBXFileReference; fileEncoding = 4; lastKnownFileType = sourcecode.swift; path = ExerciseOverviewTableViewController.swift; sourceTree = "<group>"; };
		300E0C6B1B6013C8005CF3B9 /* AddExerciseTableViewController.swift */ = {isa = PBXFileReference; fileEncoding = 4; lastKnownFileType = sourcecode.swift; path = AddExerciseTableViewController.swift; sourceTree = "<group>"; };
		300E0C6D1B60150A005CF3B9 /* BodyParts.swift */ = {isa = PBXFileReference; fileEncoding = 4; lastKnownFileType = sourcecode.swift; path = BodyParts.swift; sourceTree = "<group>"; };
		300E0C701B6016CA005CF3B9 /* BodyPartChooserTableViewController.swift */ = {isa = PBXFileReference; fileEncoding = 4; lastKnownFileType = sourcecode.swift; path = BodyPartChooserTableViewController.swift; sourceTree = "<group>"; };
		300E0C721B601CAD005CF3B9 /* ExerciseType.swift */ = {isa = PBXFileReference; fileEncoding = 4; lastKnownFileType = sourcecode.swift; path = ExerciseType.swift; sourceTree = "<group>"; };
		300E0C741B6021BB005CF3B9 /* ExerciseTypeChooserTableViewController.swift */ = {isa = PBXFileReference; fileEncoding = 4; lastKnownFileType = sourcecode.swift; path = ExerciseTypeChooserTableViewController.swift; sourceTree = "<group>"; };
		3011DADC1B72811F0031A09F /* SettingsKeys.swift */ = {isa = PBXFileReference; fileEncoding = 4; lastKnownFileType = sourcecode.swift; path = SettingsKeys.swift; sourceTree = "<group>"; };
		301336D01B8F9EF200FACBE1 /* SetsRepsValueChange.swift */ = {isa = PBXFileReference; fileEncoding = 4; lastKnownFileType = sourcecode.swift; path = SetsRepsValueChange.swift; sourceTree = "<group>"; };
		301CE8E91B5ECE1C006C253C /* GymLogger.app */ = {isa = PBXFileReference; explicitFileType = wrapper.application; includeInIndex = 0; path = GymLogger.app; sourceTree = BUILT_PRODUCTS_DIR; };
		301CE8ED1B5ECE1C006C253C /* Info.plist */ = {isa = PBXFileReference; lastKnownFileType = text.plist.xml; path = Info.plist; sourceTree = "<group>"; };
		301CE8EE1B5ECE1C006C253C /* AppDelegate.swift */ = {isa = PBXFileReference; lastKnownFileType = sourcecode.swift; path = AppDelegate.swift; sourceTree = "<group>"; };
		301CE8F51B5ECE1C006C253C /* Base */ = {isa = PBXFileReference; lastKnownFileType = file.storyboard; name = Base; path = Base.lproj/Main.storyboard; sourceTree = "<group>"; };
		301CE8F71B5ECE1C006C253C /* Images.xcassets */ = {isa = PBXFileReference; lastKnownFileType = folder.assetcatalog; path = Images.xcassets; sourceTree = "<group>"; };
		301CE8FA1B5ECE1C006C253C /* Base */ = {isa = PBXFileReference; lastKnownFileType = file.xib; name = Base; path = Base.lproj/LaunchScreen.xib; sourceTree = "<group>"; };
		301CE9051B5ECE1C006C253C /* Info.plist */ = {isa = PBXFileReference; lastKnownFileType = text.plist.xml; path = Info.plist; sourceTree = "<group>"; };
		301F08211B66B1B900D50A16 /* RunningWorkoutTableViewController.swift */ = {isa = PBXFileReference; fileEncoding = 4; lastKnownFileType = sourcecode.swift; path = RunningWorkoutTableViewController.swift; sourceTree = "<group>"; };
		30213FF71B7139BC0092E965 /* SettingsTableViewController.swift */ = {isa = PBXFileReference; fileEncoding = 4; lastKnownFileType = sourcecode.swift; path = SettingsTableViewController.swift; sourceTree = "<group>"; };
		30213FFA1B713A2A0092E965 /* UnitChooserTableViewController.swift */ = {isa = PBXFileReference; fileEncoding = 4; lastKnownFileType = sourcecode.swift; path = UnitChooserTableViewController.swift; sourceTree = "<group>"; };
		30213FFF1B713B3F0092E965 /* Units.swift */ = {isa = PBXFileReference; fileEncoding = 4; lastKnownFileType = sourcecode.swift; path = Units.swift; sourceTree = "<group>"; };
		3021DF781C2B20CE009D7F77 /* GymLogger.xcdatamodel */ = {isa = PBXFileReference; lastKnownFileType = wrapper.xcdatamodel; path = GymLogger.xcdatamodel; sourceTree = "<group>"; };
		30259A841B7925C0001B316E /* TestRunningWorkoutHandler.swift */ = {isa = PBXFileReference; fileEncoding = 4; lastKnownFileType = sourcecode.swift; path = TestRunningWorkoutHandler.swift; sourceTree = "<group>"; };
		30432C4E1B7A7CAF00BF6F75 /* TestExerciseHandler.swift */ = {isa = PBXFileReference; fileEncoding = 4; lastKnownFileType = sourcecode.swift; path = TestExerciseHandler.swift; sourceTree = "<group>"; };
		3051E7671BC174FF00159116 /* RunningWorkoutMetaTableViewCell.swift */ = {isa = PBXFileReference; fileEncoding = 4; lastKnownFileType = sourcecode.swift; path = RunningWorkoutMetaTableViewCell.swift; sourceTree = "<group>"; };
		3071CB7A1B650B0D00B0313E /* ExerciseChooser.swift */ = {isa = PBXFileReference; fileEncoding = 4; lastKnownFileType = sourcecode.swift; path = ExerciseChooser.swift; sourceTree = "<group>"; };
		3071CB7D1B652C8100B0313E /* StartNewWorkoutSelectionTableViewController.swift */ = {isa = PBXFileReference; fileEncoding = 4; lastKnownFileType = sourcecode.swift; path = StartNewWorkoutSelectionTableViewController.swift; sourceTree = "<group>"; };
		3071CB7F1B6539D200B0313E /* DatePickerTableViewCell.swift */ = {isa = PBXFileReference; fileEncoding = 4; lastKnownFileType = sourcecode.swift; path = DatePickerTableViewCell.swift; sourceTree = "<group>"; };
		30751E621B826410005F8695 /* DistanceTrackingTableViewController.swift */ = {isa = PBXFileReference; fileEncoding = 4; lastKnownFileType = sourcecode.swift; path = DistanceTrackingTableViewController.swift; sourceTree = "<group>"; };
		30751E641B826420005F8695 /* SetsRepsTrackingTableViewController.swift */ = {isa = PBXFileReference; fileEncoding = 4; lastKnownFileType = sourcecode.swift; path = SetsRepsTrackingTableViewController.swift; sourceTree = "<group>"; };
		30751E661B826593005F8695 /* BaseTrackerTableViewController.swift */ = {isa = PBXFileReference; fileEncoding = 4; lastKnownFileType = sourcecode.swift; path = BaseTrackerTableViewController.swift; sourceTree = "<group>"; };
		3083C77C1B6170110078393D /* WorkoutOverviewTableViewController.swift */ = {isa = PBXFileReference; fileEncoding = 4; lastKnownFileType = sourcecode.swift; path = WorkoutOverviewTableViewController.swift; sourceTree = "<group>"; };
		3083C77F1B61706F0078393D /* BaseOverviewTableViewController.swift */ = {isa = PBXFileReference; fileEncoding = 4; lastKnownFileType = sourcecode.swift; path = BaseOverviewTableViewController.swift; sourceTree = "<group>"; };
		3091C66D1C33FDB90098CF4B /* WorkoutRoutineExerciseMapEntity+CoreDataProperties.swift */ = {isa = PBXFileReference; fileEncoding = 4; lastKnownFileType = sourcecode.swift; path = "WorkoutRoutineExerciseMapEntity+CoreDataProperties.swift"; sourceTree = "<group>"; };
		3091C66E1C33FDB90098CF4B /* WorkoutRoutineExerciseMapEntity.swift */ = {isa = PBXFileReference; fileEncoding = 4; lastKnownFileType = sourcecode.swift; path = WorkoutRoutineExerciseMapEntity.swift; sourceTree = "<group>"; };
		3091C6711C36EA060098CF4B /* ProgressShotCollectionEntity+CoreDataProperties.swift */ = {isa = PBXFileReference; fileEncoding = 4; lastKnownFileType = sourcecode.swift; path = "ProgressShotCollectionEntity+CoreDataProperties.swift"; sourceTree = "<group>"; };
		3091C6721C36EA060098CF4B /* ProgressShotCollectionEntity.swift */ = {isa = PBXFileReference; fileEncoding = 4; lastKnownFileType = sourcecode.swift; path = ProgressShotCollectionEntity.swift; sourceTree = "<group>"; };
		3091C6731C36EA060098CF4B /* ProgressShotEntity+CoreDataProperties.swift */ = {isa = PBXFileReference; fileEncoding = 4; lastKnownFileType = sourcecode.swift; path = "ProgressShotEntity+CoreDataProperties.swift"; sourceTree = "<group>"; };
		3091C6741C36EA060098CF4B /* ProgressShotEntity.swift */ = {isa = PBXFileReference; fileEncoding = 4; lastKnownFileType = sourcecode.swift; path = ProgressShotEntity.swift; sourceTree = "<group>"; };
		309C83E61B8B981C004E3415 /* SetsRepsTrackingTableViewCell.swift */ = {isa = PBXFileReference; fileEncoding = 4; lastKnownFileType = sourcecode.swift; path = SetsRepsTrackingTableViewCell.swift; sourceTree = "<group>"; };
		309DB6DD1B7E856F00D3A294 /* TestRoutineBuilder.swift */ = {isa = PBXFileReference; fileEncoding = 4; lastKnownFileType = sourcecode.swift; path = TestRoutineBuilder.swift; sourceTree = "<group>"; };
		30C6F06D1B761F5E0014A559 /* GymLogger-Bridging-Header.h */ = {isa = PBXFileReference; lastKnownFileType = sourcecode.c.h; path = "GymLogger-Bridging-Header.h"; sourceTree = "<group>"; };
		30E2F74D1B6D12DD004CB0CE /* GymLoggerTests-Bridging-Header.h */ = {isa = PBXFileReference; lastKnownFileType = sourcecode.c.h; path = "GymLoggerTests-Bridging-Header.h"; sourceTree = "<group>"; };
		30E2F74E1B6D12DD004CB0CE /* TestKeyValues.swift */ = {isa = PBXFileReference; fileEncoding = 4; lastKnownFileType = sourcecode.swift; path = TestKeyValues.swift; sourceTree = "<group>"; };
		30E2F7501B6D1F7F004CB0CE /* WorkoutHistoryTableViewController.swift */ = {isa = PBXFileReference; fileEncoding = 4; lastKnownFileType = sourcecode.swift; path = WorkoutHistoryTableViewController.swift; sourceTree = "<group>"; };
		30E4F93F1B6FE84B0019BEA4 /* ExerciseToWorkoutChooser.swift */ = {isa = PBXFileReference; fileEncoding = 4; lastKnownFileType = sourcecode.swift; path = ExerciseToWorkoutChooser.swift; sourceTree = "<group>"; };
		30E4F9411B6FF8330019BEA4 /* WorkoutExercisePerformanceTableViewController.swift */ = {isa = PBXFileReference; fileEncoding = 4; lastKnownFileType = sourcecode.swift; path = WorkoutExercisePerformanceTableViewController.swift; sourceTree = "<group>"; };
		30E500FB1B778F9100749788 /* TestSummaryStatisticsBuilder.swift */ = {isa = PBXFileReference; fileEncoding = 4; lastKnownFileType = sourcecode.swift; path = TestSummaryStatisticsBuilder.swift; sourceTree = "<group>"; };
		30EEC7851BB3080C00C58ADF /* StartNewWorkoutDataSource.swift */ = {isa = PBXFileReference; fileEncoding = 4; lastKnownFileType = sourcecode.swift; path = StartNewWorkoutDataSource.swift; sourceTree = "<group>"; };
		30EEC7881BB30A4A00C58ADF /* StartNewWorkoutSections.swift */ = {isa = PBXFileReference; fileEncoding = 4; lastKnownFileType = sourcecode.swift; path = StartNewWorkoutSections.swift; sourceTree = "<group>"; };
		30EEC78A1BB312A200C58ADF /* StartNewWorkoutRoutineCell.swift */ = {isa = PBXFileReference; fileEncoding = 4; lastKnownFileType = sourcecode.swift; path = StartNewWorkoutRoutineCell.swift; sourceTree = "<group>"; };
		30EEC78C1BB31A9000C58ADF /* StartNewWorkoutDelegate.swift */ = {isa = PBXFileReference; fileEncoding = 4; lastKnownFileType = sourcecode.swift; path = StartNewWorkoutDelegate.swift; sourceTree = "<group>"; };
		30F7A4021BB41A69005EE853 /* RunningWorkoutDataSource.swift */ = {isa = PBXFileReference; fileEncoding = 4; lastKnownFileType = sourcecode.swift; path = RunningWorkoutDataSource.swift; sourceTree = "<group>"; };
		30F7A4051BB41A7E005EE853 /* RunningWorkoutDelegate.swift */ = {isa = PBXFileReference; fileEncoding = 4; lastKnownFileType = sourcecode.swift; path = RunningWorkoutDelegate.swift; sourceTree = "<group>"; };
		30F7A4071BB41B9A005EE853 /* RunningWorkoutTableViewSections.swift */ = {isa = PBXFileReference; fileEncoding = 4; lastKnownFileType = sourcecode.swift; path = RunningWorkoutTableViewSections.swift; sourceTree = "<group>"; };
		30F7A4091BB42A9B005EE853 /* RunningWorkoutSegueIdentifiers.swift */ = {isa = PBXFileReference; fileEncoding = 4; lastKnownFileType = sourcecode.swift; path = RunningWorkoutSegueIdentifiers.swift; sourceTree = "<group>"; };
		30F7A40B1BB4726D005EE853 /* SetsRepsDataSource.swift */ = {isa = PBXFileReference; fileEncoding = 4; lastKnownFileType = sourcecode.swift; path = SetsRepsDataSource.swift; sourceTree = "<group>"; };
		30F7A40E1BB47288005EE853 /* SetsRepsDelegate.swift */ = {isa = PBXFileReference; fileEncoding = 4; lastKnownFileType = sourcecode.swift; path = SetsRepsDelegate.swift; sourceTree = "<group>"; };
		30F7A4101BB475F5005EE853 /* SetsRepsSections.swift */ = {isa = PBXFileReference; fileEncoding = 4; lastKnownFileType = sourcecode.swift; path = SetsRepsSections.swift; sourceTree = "<group>"; };
		3B867BB6925FE62E780D313E /* Pods.framework */ = {isa = PBXFileReference; explicitFileType = wrapper.framework; includeInIndex = 0; path = Pods.framework; sourceTree = BUILT_PRODUCTS_DIR; };
		4B7A111105BE84F402BFADB5 /* NSManagedObjectModel+Extensions.swift */ = {isa = PBXFileReference; fileEncoding = 4; lastKnownFileType = sourcecode.swift; path = "NSManagedObjectModel+Extensions.swift"; sourceTree = "<group>"; };
		4B7A111906EBD433CF0B153F /* BaseTabBarController.swift */ = {isa = PBXFileReference; fileEncoding = 4; lastKnownFileType = sourcecode.swift; path = BaseTabBarController.swift; sourceTree = "<group>"; };
		4B7A11278A1AA7D8D62BCAD6 /* DataCoordinator.swift */ = {isa = PBXFileReference; fileEncoding = 4; lastKnownFileType = sourcecode.swift; path = DataCoordinator.swift; sourceTree = "<group>"; };
		4B7A114B09F54AE228B9BE88 /* NSFetchRequest+Extension.swift */ = {isa = PBXFileReference; fileEncoding = 4; lastKnownFileType = sourcecode.swift; path = "NSFetchRequest+Extension.swift"; sourceTree = "<group>"; };
		4B7A13729150E89C95032AA6 /* NSManagedObjectContext+Extension.swift */ = {isa = PBXFileReference; fileEncoding = 4; lastKnownFileType = sourcecode.swift; path = "NSManagedObjectContext+Extension.swift"; sourceTree = "<group>"; };
		4B7A138A4A7A4B9B1DF7D74E /* WorkoutEntity.swift */ = {isa = PBXFileReference; fileEncoding = 4; lastKnownFileType = sourcecode.swift; path = WorkoutEntity.swift; sourceTree = "<group>"; };
		4B7A13D42346B4EB2FCB9362 /* ExerciseEntity+CoreDataProperties.swift */ = {isa = PBXFileReference; fileEncoding = 4; lastKnownFileType = sourcecode.swift; path = "ExerciseEntity+CoreDataProperties.swift"; sourceTree = "<group>"; };
		4B7A145683F6EE4D117AD889 /* ExerciseEntity.swift */ = {isa = PBXFileReference; fileEncoding = 4; lastKnownFileType = sourcecode.swift; path = ExerciseEntity.swift; sourceTree = "<group>"; };
		4B7A146B01309C84FB41D1BC /* FetchControllerBase.m */ = {isa = PBXFileReference; fileEncoding = 4; lastKnownFileType = sourcecode.c.objc; path = FetchControllerBase.m; sourceTree = "<group>"; };
		4B7A148B04A7B42713D24C99 /* PerformanceExerciseMapEntity.swift */ = {isa = PBXFileReference; fileEncoding = 4; lastKnownFileType = sourcecode.swift; path = PerformanceExerciseMapEntity.swift; sourceTree = "<group>"; };
		4B7A14BDDFDC440F84011C53 /* PerformanceExerciseMapEntity+CoreDataProperties.swift */ = {isa = PBXFileReference; fileEncoding = 4; lastKnownFileType = sourcecode.swift; path = "PerformanceExerciseMapEntity+CoreDataProperties.swift"; sourceTree = "<group>"; };
		4B7A153CFEA51B706F230499 /* DetailWorkoutTableViewDataSource.swift */ = {isa = PBXFileReference; fileEncoding = 4; lastKnownFileType = sourcecode.swift; path = DetailWorkoutTableViewDataSource.swift; sourceTree = "<group>"; };
		4B7A155FCCD968D35BCD5A76 /* WorkoutEntity+CoreDataProperties.swift */ = {isa = PBXFileReference; fileEncoding = 4; lastKnownFileType = sourcecode.swift; path = "WorkoutEntity+CoreDataProperties.swift"; sourceTree = "<group>"; };
		4B7A174C814C40ED3AE660F4 /* PerformanceEntity.swift */ = {isa = PBXFileReference; fileEncoding = 4; lastKnownFileType = sourcecode.swift; path = PerformanceEntity.swift; sourceTree = "<group>"; };
		4B7A17665C82320CFBE88C8D /* NSManagedObject+Extension.swift */ = {isa = PBXFileReference; fileEncoding = 4; lastKnownFileType = sourcecode.swift; path = "NSManagedObject+Extension.swift"; sourceTree = "<group>"; };
		4B7A18AC2759DEA25459EDBA /* NSURL+Extensions.swift */ = {isa = PBXFileReference; fileEncoding = 4; lastKnownFileType = sourcecode.swift; path = "NSURL+Extensions.swift"; sourceTree = "<group>"; };
		4B7A198A9003E026AF6F9EE2 /* DetailWorkoutConstants.swift */ = {isa = PBXFileReference; fileEncoding = 4; lastKnownFileType = sourcecode.swift; path = DetailWorkoutConstants.swift; sourceTree = "<group>"; };
		4B7A1A89D1F9439D9CC55960 /* DetailWorkoutTableViewDelegate.swift */ = {isa = PBXFileReference; fileEncoding = 4; lastKnownFileType = sourcecode.swift; path = DetailWorkoutTableViewDelegate.swift; sourceTree = "<group>"; };
		4B7A1B1D3886BCEEEA4A5A2A /* DetailWorkoutSections.swift */ = {isa = PBXFileReference; fileEncoding = 4; lastKnownFileType = sourcecode.swift; path = DetailWorkoutSections.swift; sourceTree = "<group>"; };
		4B7A1B52339437C40ED49E8A /* TextViewInputCell.swift */ = {isa = PBXFileReference; fileEncoding = 4; lastKnownFileType = sourcecode.swift; path = TextViewInputCell.swift; sourceTree = "<group>"; };
		4B7A1B7D9EEC45CF3B48044F /* WorkoutRoutineEntity+CoreDataProperties.swift */ = {isa = PBXFileReference; fileEncoding = 4; lastKnownFileType = sourcecode.swift; path = "WorkoutRoutineEntity+CoreDataProperties.swift"; sourceTree = "<group>"; };
		4B7A1DB30FF246307F82CB61 /* WorkoutRoutineEntity.swift */ = {isa = PBXFileReference; fileEncoding = 4; lastKnownFileType = sourcecode.swift; path = WorkoutRoutineEntity.swift; sourceTree = "<group>"; };
		4B7A1F408B442D546A6AE435 /* FetchControllerBase.h */ = {isa = PBXFileReference; fileEncoding = 4; lastKnownFileType = sourcecode.c.h; path = FetchControllerBase.h; sourceTree = "<group>"; };
		4B7A1FF753E3AAFAF485E501 /* PerformanceEntity+CoreDataProperties.swift */ = {isa = PBXFileReference; fileEncoding = 4; lastKnownFileType = sourcecode.swift; path = "PerformanceEntity+CoreDataProperties.swift"; sourceTree = "<group>"; };
		799767E6613D83D10CBB12D6 /* Pods_GymLoggerTests.framework */ = {isa = PBXFileReference; explicitFileType = wrapper.framework; includeInIndex = 0; path = Pods_GymLoggerTests.framework; sourceTree = BUILT_PRODUCTS_DIR; };
		DF84B21F37C8AB299E02D909 /* Pods-GymLoggerTests.release.xcconfig */ = {isa = PBXFileReference; includeInIndex = 1; lastKnownFileType = text.xcconfig; name = "Pods-GymLoggerTests.release.xcconfig"; path = "Pods/Target Support Files/Pods-GymLoggerTests/Pods-GymLoggerTests.release.xcconfig"; sourceTree = "<group>"; };
		EB50241FA24E60A7D4A1C9AB /* Pods.release.xcconfig */ = {isa = PBXFileReference; includeInIndex = 1; lastKnownFileType = text.xcconfig; name = Pods.release.xcconfig; path = "Pods/Target Support Files/Pods/Pods.release.xcconfig"; sourceTree = "<group>"; };
/* End PBXFileReference section */

/* Begin PBXFrameworksBuildPhase section */
		301CE8E61B5ECE1C006C253C /* Frameworks */ = {
			isa = PBXFrameworksBuildPhase;
			buildActionMask = 2147483647;
			files = (
				1D20C8A8CE3FCAB97ACD1786 /* Pods.framework in Frameworks */,
			);
			runOnlyForDeploymentPostprocessing = 0;
		};
/* End PBXFrameworksBuildPhase section */

/* Begin PBXGroup section */
		3001D36C1B62DF2A00A3CB52 /* view */ = {
			isa = PBXGroup;
			children = (
				3001D36D1B62DF3200A3CB52 /* cell */,
			);
			name = view;
			sourceTree = "<group>";
		};
		3001D36D1B62DF3200A3CB52 /* cell */ = {
			isa = PBXGroup;
			children = (
				3001D36E1B62DF5200A3CB52 /* TextFieldTableViewCell.swift */,
				3071CB7F1B6539D200B0313E /* DatePickerTableViewCell.swift */,
				309C83E61B8B981C004E3415 /* SetsRepsTrackingTableViewCell.swift */,
				30EEC78A1BB312A200C58ADF /* StartNewWorkoutRoutineCell.swift */,
				3051E7671BC174FF00159116 /* RunningWorkoutMetaTableViewCell.swift */,
				4B7A1B52339437C40ED49E8A /* TextViewInputCell.swift */,
			);
			name = cell;
			sourceTree = "<group>";
		};
		300AB5D11B73D0A000BE4F9F /* settings */ = {
			isa = PBXGroup;
			children = (
				30213FF71B7139BC0092E965 /* SettingsTableViewController.swift */,
				30213FFA1B713A2A0092E965 /* UnitChooserTableViewController.swift */,
				3011DADC1B72811F0031A09F /* SettingsKeys.swift */,
			);
			name = settings;
			sourceTree = "<group>";
		};
		300AB5D21B73D0AA00BE4F9F /* active */ = {
			isa = PBXGroup;
			children = (
				30EEC7871BB30A3700C58ADF /* StartNewWorkout */,
				30F7A4041BB41A6F005EE853 /* RunningWorkout */,
				30E4F9411B6FF8330019BEA4 /* WorkoutExercisePerformanceTableViewController.swift */,
				30751E621B826410005F8695 /* DistanceTrackingTableViewController.swift */,
				30F7A40D1BB47276005EE853 /* SetsReps */,
			);
			name = active;
			sourceTree = "<group>";
		};
		300E0C681B6012D9005CF3B9 /* controller */ = {
			isa = PBXGroup;
			children = (
				300E0C6F1B6016B0005CF3B9 /* exercise */,
				3083C77E1B6170530078393D /* workout */,
				3083C7811B6170780078393D /* base */,
				300AB5D11B73D0A000BE4F9F /* settings */,
			);
			name = controller;
			sourceTree = "<group>";
		};
		300E0C6F1B6016B0005CF3B9 /* exercise */ = {
			isa = PBXGroup;
			children = (
				300E0C691B601343005CF3B9 /* ExerciseOverviewTableViewController.swift */,
				300E0C6B1B6013C8005CF3B9 /* AddExerciseTableViewController.swift */,
				300E0C701B6016CA005CF3B9 /* BodyPartChooserTableViewController.swift */,
				300E0C741B6021BB005CF3B9 /* ExerciseTypeChooserTableViewController.swift */,
			);
			name = exercise;
			sourceTree = "<group>";
		};
		301336D21B8FA0AB00FACBE1 /* protocol */ = {
			isa = PBXGroup;
			children = (
				301336D01B8F9EF200FACBE1 /* SetsRepsValueChange.swift */,
			);
			name = protocol;
			sourceTree = "<group>";
		};
		301CE8E01B5ECE1C006C253C = {
			isa = PBXGroup;
			children = (
				301CE8EB1B5ECE1C006C253C /* GymLogger */,
				301CE9031B5ECE1C006C253C /* GymLoggerTests */,
				301CE8EA1B5ECE1C006C253C /* Products */,
				65EBD3554E93050E6873527F /* Pods */,
				3CF1B641DED73A9B27970FD5 /* Frameworks */,
			);
			sourceTree = "<group>";
		};
		301CE8EA1B5ECE1C006C253C /* Products */ = {
			isa = PBXGroup;
			children = (
				301CE8E91B5ECE1C006C253C /* GymLogger.app */,
			);
			name = Products;
			sourceTree = "<group>";
		};
		301CE8EB1B5ECE1C006C253C /* GymLogger */ = {
			isa = PBXGroup;
			children = (
				3001D36C1B62DF2A00A3CB52 /* view */,
				301CE8EE1B5ECE1C006C253C /* AppDelegate.swift */,
				3021DF771C2B20CE009D7F77 /* GymLogger.xcdatamodeld */,
				300E0C681B6012D9005CF3B9 /* controller */,
				301CE8F41B5ECE1C006C253C /* Main.storyboard */,
				301336D21B8FA0AB00FACBE1 /* protocol */,
				301CE8F71B5ECE1C006C253C /* Images.xcassets */,
				301CE8F91B5ECE1C006C253C /* LaunchScreen.xib */,
				301CE8EC1B5ECE1C006C253C /* Supporting Files */,
				303613FB1B5EE18B002988B4 /* model */,
				30C6F06D1B761F5E0014A559 /* GymLogger-Bridging-Header.h */,
				4B7A1FFC4C43DD1B2FA585CA /* extensions */,
			);
			path = GymLogger;
			sourceTree = "<group>";
		};
		301CE8EC1B5ECE1C006C253C /* Supporting Files */ = {
			isa = PBXGroup;
			children = (
				301CE8ED1B5ECE1C006C253C /* Info.plist */,
			);
			name = "Supporting Files";
			sourceTree = "<group>";
		};
		301CE9031B5ECE1C006C253C /* GymLoggerTests */ = {
			isa = PBXGroup;
			children = (
				309DB6DD1B7E856F00D3A294 /* TestRoutineBuilder.swift */,
				301CE9041B5ECE1C006C253C /* Supporting Files */,
				30E2F74D1B6D12DD004CB0CE /* GymLoggerTests-Bridging-Header.h */,
				30E2F74E1B6D12DD004CB0CE /* TestKeyValues.swift */,
				30E500FB1B778F9100749788 /* TestSummaryStatisticsBuilder.swift */,
				30259A841B7925C0001B316E /* TestRunningWorkoutHandler.swift */,
				30432C4E1B7A7CAF00BF6F75 /* TestExerciseHandler.swift */,
			);
			path = GymLoggerTests;
			sourceTree = "<group>";
		};
		301CE9041B5ECE1C006C253C /* Supporting Files */ = {
			isa = PBXGroup;
			children = (
				301CE9051B5ECE1C006C253C /* Info.plist */,
			);
			name = "Supporting Files";
			sourceTree = "<group>";
		};
		30213FFE1B713B310092E965 /* enums */ = {
			isa = PBXGroup;
			children = (
				300E0C721B601CAD005CF3B9 /* ExerciseType.swift */,
				300E0C6D1B60150A005CF3B9 /* BodyParts.swift */,
				30213FFF1B713B3F0092E965 /* Units.swift */,
			);
			name = enums;
			sourceTree = "<group>";
		};
		303613FB1B5EE18B002988B4 /* model */ = {
			isa = PBXGroup;
			children = (
				30213FFE1B713B310092E965 /* enums */,
				3071CB7A1B650B0D00B0313E /* ExerciseChooser.swift */,
				30E4F93F1B6FE84B0019BEA4 /* ExerciseToWorkoutChooser.swift */,
				4B7A1E892EC139BD7509FAFF /* entities */,
				4B7A11278A1AA7D8D62BCAD6 /* DataCoordinator.swift */,
			);
			name = model;
			sourceTree = "<group>";
		};
		3071CB7C1B652B8900B0313E /* routine */ = {
			isa = PBXGroup;
			children = (
				3001D36A1B62ADC000A3CB52 /* DetailWorkoutTableViewController.swift */,
				3083C77C1B6170110078393D /* WorkoutOverviewTableViewController.swift */,
				4B7A1A89D1F9439D9CC55960 /* DetailWorkoutTableViewDelegate.swift */,
				4B7A1B1D3886BCEEEA4A5A2A /* DetailWorkoutSections.swift */,
				4B7A153CFEA51B706F230499 /* DetailWorkoutTableViewDataSource.swift */,
				4B7A198A9003E026AF6F9EE2 /* DetailWorkoutConstants.swift */,
			);
			name = routine;
			sourceTree = "<group>";
		};
		3083C77E1B6170530078393D /* workout */ = {
			isa = PBXGroup;
			children = (
				300AB5D21B73D0AA00BE4F9F /* active */,
				3071CB7C1B652B8900B0313E /* routine */,
				30E2F7521B6D1F85004CB0CE /* history */,
			);
			name = workout;
			sourceTree = "<group>";
		};
		3083C7811B6170780078393D /* base */ = {
			isa = PBXGroup;
			children = (
				3083C77F1B61706F0078393D /* BaseOverviewTableViewController.swift */,
				30751E661B826593005F8695 /* BaseTrackerTableViewController.swift */,
				4B7A146B01309C84FB41D1BC /* FetchControllerBase.m */,
				4B7A1F408B442D546A6AE435 /* FetchControllerBase.h */,
				4B7A111906EBD433CF0B153F /* BaseTabBarController.swift */,
			);
			name = base;
			sourceTree = "<group>";
		};
		30E2F7521B6D1F85004CB0CE /* history */ = {
			isa = PBXGroup;
			children = (
				30E2F7501B6D1F7F004CB0CE /* WorkoutHistoryTableViewController.swift */,
			);
			name = history;
			sourceTree = "<group>";
		};
		30EEC7871BB30A3700C58ADF /* StartNewWorkout */ = {
			isa = PBXGroup;
			children = (
				3071CB7D1B652C8100B0313E /* StartNewWorkoutSelectionTableViewController.swift */,
				30EEC7851BB3080C00C58ADF /* StartNewWorkoutDataSource.swift */,
				30EEC7881BB30A4A00C58ADF /* StartNewWorkoutSections.swift */,
				30EEC78C1BB31A9000C58ADF /* StartNewWorkoutDelegate.swift */,
			);
			name = StartNewWorkout;
			sourceTree = "<group>";
		};
		30F7A4041BB41A6F005EE853 /* RunningWorkout */ = {
			isa = PBXGroup;
			children = (
				301F08211B66B1B900D50A16 /* RunningWorkoutTableViewController.swift */,
				30F7A4021BB41A69005EE853 /* RunningWorkoutDataSource.swift */,
				30F7A4051BB41A7E005EE853 /* RunningWorkoutDelegate.swift */,
				30F7A4071BB41B9A005EE853 /* RunningWorkoutTableViewSections.swift */,
				30F7A4091BB42A9B005EE853 /* RunningWorkoutSegueIdentifiers.swift */,
			);
			name = RunningWorkout;
			sourceTree = "<group>";
		};
		30F7A40D1BB47276005EE853 /* SetsReps */ = {
			isa = PBXGroup;
			children = (
				30751E641B826420005F8695 /* SetsRepsTrackingTableViewController.swift */,
				30F7A40B1BB4726D005EE853 /* SetsRepsDataSource.swift */,
				30F7A40E1BB47288005EE853 /* SetsRepsDelegate.swift */,
				30F7A4101BB475F5005EE853 /* SetsRepsSections.swift */,
			);
			name = SetsReps;
			sourceTree = "<group>";
		};
		3CF1B641DED73A9B27970FD5 /* Frameworks */ = {
			isa = PBXGroup;
			children = (
				3B867BB6925FE62E780D313E /* Pods.framework */,
				799767E6613D83D10CBB12D6 /* Pods_GymLoggerTests.framework */,
			);
			name = Frameworks;
			sourceTree = "<group>";
		};
		4B7A1E892EC139BD7509FAFF /* entities */ = {
			isa = PBXGroup;
			children = (
				3091C6711C36EA060098CF4B /* ProgressShotCollectionEntity+CoreDataProperties.swift */,
				3091C6721C36EA060098CF4B /* ProgressShotCollectionEntity.swift */,
				3091C6731C36EA060098CF4B /* ProgressShotEntity+CoreDataProperties.swift */,
				3091C6741C36EA060098CF4B /* ProgressShotEntity.swift */,
				3091C66D1C33FDB90098CF4B /* WorkoutRoutineExerciseMapEntity+CoreDataProperties.swift */,
				3091C66E1C33FDB90098CF4B /* WorkoutRoutineExerciseMapEntity.swift */,
				4B7A13D42346B4EB2FCB9362 /* ExerciseEntity+CoreDataProperties.swift */,
				4B7A145683F6EE4D117AD889 /* ExerciseEntity.swift */,
				4B7A148B04A7B42713D24C99 /* PerformanceExerciseMapEntity.swift */,
				4B7A155FCCD968D35BCD5A76 /* WorkoutEntity+CoreDataProperties.swift */,
				4B7A138A4A7A4B9B1DF7D74E /* WorkoutEntity.swift */,
				4B7A1FF753E3AAFAF485E501 /* PerformanceEntity+CoreDataProperties.swift */,
				4B7A1DB30FF246307F82CB61 /* WorkoutRoutineEntity.swift */,
				4B7A14BDDFDC440F84011C53 /* PerformanceExerciseMapEntity+CoreDataProperties.swift */,
				4B7A1B7D9EEC45CF3B48044F /* WorkoutRoutineEntity+CoreDataProperties.swift */,
				4B7A174C814C40ED3AE660F4 /* PerformanceEntity.swift */,
			);
			path = entities;
			sourceTree = "<group>";
		};
		4B7A1FFC4C43DD1B2FA585CA /* extensions */ = {
			isa = PBXGroup;
			children = (
				4B7A18AC2759DEA25459EDBA /* NSURL+Extensions.swift */,
				4B7A111105BE84F402BFADB5 /* NSManagedObjectModel+Extensions.swift */,
				4B7A17665C82320CFBE88C8D /* NSManagedObject+Extension.swift */,
				4B7A114B09F54AE228B9BE88 /* NSFetchRequest+Extension.swift */,
				4B7A13729150E89C95032AA6 /* NSManagedObjectContext+Extension.swift */,
			);
			path = extensions;
			sourceTree = "<group>";
		};
		65EBD3554E93050E6873527F /* Pods */ = {
			isa = PBXGroup;
			children = (
				1CAB2354C15F2F9A157F7FBB /* Pods.debug.xcconfig */,
				EB50241FA24E60A7D4A1C9AB /* Pods.release.xcconfig */,
				29DFE1A4DB348535570A59E7 /* Pods-GymLoggerTests.debug.xcconfig */,
				DF84B21F37C8AB299E02D909 /* Pods-GymLoggerTests.release.xcconfig */,
			);
			name = Pods;
			sourceTree = "<group>";
		};
/* End PBXGroup section */

/* Begin PBXNativeTarget section */
		301CE8E81B5ECE1C006C253C /* GymLogger */ = {
			isa = PBXNativeTarget;
			buildConfigurationList = 301CE90A1B5ECE1C006C253C /* Build configuration list for PBXNativeTarget "GymLogger" */;
			buildPhases = (
				301CE8E51B5ECE1C006C253C /* Sources */,
				301CE8E61B5ECE1C006C253C /* Frameworks */,
				301CE8E71B5ECE1C006C253C /* Resources */,
				69D1CDC061767C7CD58AD4DF /* Embed Pods Frameworks */,
			);
			buildRules = (
			);
			dependencies = (
			);
			name = GymLogger;
			productName = GymLogger;
			productReference = 301CE8E91B5ECE1C006C253C /* GymLogger.app */;
			productType = "com.apple.product-type.application";
		};
/* End PBXNativeTarget section */

/* Begin PBXProject section */
		301CE8E11B5ECE1C006C253C /* Project object */ = {
			isa = PBXProject;
			attributes = {
				LastSwiftMigration = 0700;
				LastSwiftUpdateCheck = 0700;
				LastUpgradeCheck = 0700;
				ORGANIZATIONNAME = "Roman Klauke";
				TargetAttributes = {
					301CE8E81B5ECE1C006C253C = {
						CreatedOnToolsVersion = 6.4;
					};
				};
			};
			buildConfigurationList = 301CE8E41B5ECE1C006C253C /* Build configuration list for PBXProject "GymLogger" */;
			compatibilityVersion = "Xcode 3.2";
			developmentRegion = English;
			hasScannedForEncodings = 0;
			knownRegions = (
				en,
				Base,
			);
			mainGroup = 301CE8E01B5ECE1C006C253C;
			productRefGroup = 301CE8EA1B5ECE1C006C253C /* Products */;
			projectDirPath = "";
			projectRoot = "";
			targets = (
				301CE8E81B5ECE1C006C253C /* GymLogger */,
			);
		};
/* End PBXProject section */

/* Begin PBXResourcesBuildPhase section */
		301CE8E71B5ECE1C006C253C /* Resources */ = {
			isa = PBXResourcesBuildPhase;
			buildActionMask = 2147483647;
			files = (
				301CE8F61B5ECE1C006C253C /* Main.storyboard in Resources */,
				301CE8FB1B5ECE1C006C253C /* LaunchScreen.xib in Resources */,
				301CE8F81B5ECE1C006C253C /* Images.xcassets in Resources */,
			);
			runOnlyForDeploymentPostprocessing = 0;
		};
/* End PBXResourcesBuildPhase section */

/* Begin PBXShellScriptBuildPhase section */
		69D1CDC061767C7CD58AD4DF /* Embed Pods Frameworks */ = {
			isa = PBXShellScriptBuildPhase;
			buildActionMask = 2147483647;
			files = (
			);
			inputPaths = (
			);
			name = "Embed Pods Frameworks";
			outputPaths = (
			);
			runOnlyForDeploymentPostprocessing = 0;
			shellPath = /bin/sh;
			shellScript = "\"${SRCROOT}/Pods/Target Support Files/Pods/Pods-frameworks.sh\"\n";
			showEnvVarsInLog = 0;
		};
/* End PBXShellScriptBuildPhase section */

/* Begin PBXSourcesBuildPhase section */
		301CE8E51B5ECE1C006C253C /* Sources */ = {
			isa = PBXSourcesBuildPhase;
			buildActionMask = 2147483647;
			files = (
				309C83E71B8B981C004E3415 /* SetsRepsTrackingTableViewCell.swift in Sources */,
				3083C7801B61706F0078393D /* BaseOverviewTableViewController.swift in Sources */,
				30751E631B826410005F8695 /* DistanceTrackingTableViewController.swift in Sources */,
				302140001B713B3F0092E965 /* Units.swift in Sources */,
				3071CB7B1B650B0D00B0313E /* ExerciseChooser.swift in Sources */,
				30E4F9401B6FE84B0019BEA4 /* ExerciseToWorkoutChooser.swift in Sources */,
				30213FFB1B713A2A0092E965 /* UnitChooserTableViewController.swift in Sources */,
				300E0C751B6021BB005CF3B9 /* ExerciseTypeChooserTableViewController.swift in Sources */,
				30E4F9421B6FF8330019BEA4 /* WorkoutExercisePerformanceTableViewController.swift in Sources */,
				3071CB801B6539D200B0313E /* DatePickerTableViewCell.swift in Sources */,
				3051E7681BC174FF00159116 /* RunningWorkoutMetaTableViewCell.swift in Sources */,
				3001D36B1B62ADC000A3CB52 /* DetailWorkoutTableViewController.swift in Sources */,
				30F7A40C1BB4726D005EE853 /* SetsRepsDataSource.swift in Sources */,
				3083C77D1B6170110078393D /* WorkoutOverviewTableViewController.swift in Sources */,
				30F7A4111BB475F5005EE853 /* SetsRepsSections.swift in Sources */,
				300E0C711B6016CA005CF3B9 /* BodyPartChooserTableViewController.swift in Sources */,
				300E0C6C1B6013C8005CF3B9 /* AddExerciseTableViewController.swift in Sources */,
				30F7A4031BB41A69005EE853 /* RunningWorkoutDataSource.swift in Sources */,
				30EEC7861BB3080C00C58ADF /* StartNewWorkoutDataSource.swift in Sources */,
				3071CB7E1B652C8100B0313E /* StartNewWorkoutSelectionTableViewController.swift in Sources */,
				301F08221B66B1B900D50A16 /* RunningWorkoutTableViewController.swift in Sources */,
				3011DADD1B72811F0031A09F /* SettingsKeys.swift in Sources */,
				30F7A4061BB41A7E005EE853 /* RunningWorkoutDelegate.swift in Sources */,
				3091C6761C36EA060098CF4B /* ProgressShotCollectionEntity.swift in Sources */,
				30F7A4081BB41B9A005EE853 /* RunningWorkoutTableViewSections.swift in Sources */,
				301336D11B8F9EF200FACBE1 /* SetsRepsValueChange.swift in Sources */,
				30213FF81B7139BC0092E965 /* SettingsTableViewController.swift in Sources */,
				300E0C6A1B601343005CF3B9 /* ExerciseOverviewTableViewController.swift in Sources */,
				30E2F7511B6D1F7F004CB0CE /* WorkoutHistoryTableViewController.swift in Sources */,
				30EEC78D1BB31A9000C58ADF /* StartNewWorkoutDelegate.swift in Sources */,
				30F7A40A1BB42A9B005EE853 /* RunningWorkoutSegueIdentifiers.swift in Sources */,
				3001D36F1B62DF5200A3CB52 /* TextFieldTableViewCell.swift in Sources */,
				300E0C731B601CAD005CF3B9 /* ExerciseType.swift in Sources */,
				301CE8EF1B5ECE1C006C253C /* AppDelegate.swift in Sources */,
				30EEC78B1BB312A200C58ADF /* StartNewWorkoutRoutineCell.swift in Sources */,
				30F7A40F1BB47288005EE853 /* SetsRepsDelegate.swift in Sources */,
				30751E651B826420005F8695 /* SetsRepsTrackingTableViewController.swift in Sources */,
				30EEC7891BB30A4A00C58ADF /* StartNewWorkoutSections.swift in Sources */,
				30751E671B826593005F8695 /* BaseTrackerTableViewController.swift in Sources */,
				3091C6751C36EA060098CF4B /* ProgressShotCollectionEntity+CoreDataProperties.swift in Sources */,
				300E0C6E1B60150A005CF3B9 /* BodyParts.swift in Sources */,
				3091C66F1C33FDB90098CF4B /* WorkoutRoutineExerciseMapEntity+CoreDataProperties.swift in Sources */,
				4B7A117FB5ECEE57A9A53B60 /* TextViewInputCell.swift in Sources */,
				3021DF791C2B20CE009D7F77 /* GymLogger.xcdatamodeld in Sources */,
				4B7A10F151F296FF104DE5AF /* DetailWorkoutTableViewDelegate.swift in Sources */,
				4B7A13DF9AA29A09CD3E2188 /* DetailWorkoutSections.swift in Sources */,
				4B7A12983EB06D653B6B9E21 /* DetailWorkoutTableViewDataSource.swift in Sources */,
				4B7A1892D0E6C1A78080D377 /* DetailWorkoutConstants.swift in Sources */,
				4B7A1F80D15FB218E538FA75 /* ExerciseEntity+CoreDataProperties.swift in Sources */,
				4B7A118AB976FE54A738A8C3 /* ExerciseEntity.swift in Sources */,
				4B7A14B428115B12BB34F61B /* PerformanceExerciseMapEntity.swift in Sources */,
				4B7A164143B242AECD24DC35 /* WorkoutEntity+CoreDataProperties.swift in Sources */,
				3091C6781C36EA060098CF4B /* ProgressShotEntity.swift in Sources */,
				3091C6771C36EA060098CF4B /* ProgressShotEntity+CoreDataProperties.swift in Sources */,
				4B7A17C9F41698B06B945164 /* WorkoutEntity.swift in Sources */,
				4B7A1285395EBD49A9E17129 /* PerformanceEntity+CoreDataProperties.swift in Sources */,
				4B7A1ED5A751659B601E76FA /* WorkoutRoutineEntity.swift in Sources */,
				4B7A16499414A5D1529B568E /* PerformanceExerciseMapEntity+CoreDataProperties.swift in Sources */,
				4B7A1E51786061C2DE334C9D /* WorkoutRoutineEntity+CoreDataProperties.swift in Sources */,
				4B7A18FAE2C7B2ABD13739DE /* PerformanceEntity.swift in Sources */,
				4B7A1FD1A4F4C59ED4152CF7 /* DataCoordinator.swift in Sources */,
				4B7A1D19428D6823A2F48B45 /* NSURL+Extensions.swift in Sources */,
				4B7A13079A82126B81BC1749 /* NSManagedObjectModel+Extensions.swift in Sources */,
				3091C6701C33FDB90098CF4B /* WorkoutRoutineExerciseMapEntity.swift in Sources */,
				4B7A18CA1CFACD01FA11E4BA /* FetchControllerBase.m in Sources */,
				4B7A1352420F5BC0B2720BF5 /* NSManagedObject+Extension.swift in Sources */,
				4B7A19F47D218BA2AC45C388 /* NSFetchRequest+Extension.swift in Sources */,
				4B7A122F781AC33CAFFDE3ED /* NSManagedObjectContext+Extension.swift in Sources */,
				4B7A15863602D720EBECD814 /* BaseTabBarController.swift in Sources */,
			);
			runOnlyForDeploymentPostprocessing = 0;
		};
/* End PBXSourcesBuildPhase section */

/* Begin PBXVariantGroup section */
		301CE8F41B5ECE1C006C253C /* Main.storyboard */ = {
			isa = PBXVariantGroup;
			children = (
				301CE8F51B5ECE1C006C253C /* Base */,
			);
			name = Main.storyboard;
			sourceTree = "<group>";
		};
		301CE8F91B5ECE1C006C253C /* LaunchScreen.xib */ = {
			isa = PBXVariantGroup;
			children = (
				301CE8FA1B5ECE1C006C253C /* Base */,
			);
			name = LaunchScreen.xib;
			sourceTree = "<group>";
		};
/* End PBXVariantGroup section */

/* Begin XCBuildConfiguration section */
		301CE9081B5ECE1C006C253C /* Debug */ = {
			isa = XCBuildConfiguration;
			buildSettings = {
				ALWAYS_SEARCH_USER_PATHS = NO;
				CLANG_CXX_LANGUAGE_STANDARD = "gnu++0x";
				CLANG_CXX_LIBRARY = "libc++";
				CLANG_ENABLE_MODULES = YES;
				CLANG_ENABLE_OBJC_ARC = YES;
				CLANG_WARN_BOOL_CONVERSION = YES;
				CLANG_WARN_CONSTANT_CONVERSION = YES;
				CLANG_WARN_DIRECT_OBJC_ISA_USAGE = YES_ERROR;
				CLANG_WARN_EMPTY_BODY = YES;
				CLANG_WARN_ENUM_CONVERSION = YES;
				CLANG_WARN_INT_CONVERSION = YES;
				CLANG_WARN_OBJC_ROOT_CLASS = YES_ERROR;
				CLANG_WARN_UNREACHABLE_CODE = YES;
				CLANG_WARN__DUPLICATE_METHOD_MATCH = YES;
				"CODE_SIGN_IDENTITY[sdk=iphoneos*]" = "iPhone Developer";
				COPY_PHASE_STRIP = NO;
				DEBUG_INFORMATION_FORMAT = "dwarf-with-dsym";
				DEFINES_MODULE = YES;
				ENABLE_STRICT_OBJC_MSGSEND = YES;
				ENABLE_TESTABILITY = YES;
				GCC_C_LANGUAGE_STANDARD = gnu99;
				GCC_DYNAMIC_NO_PIC = NO;
				GCC_NO_COMMON_BLOCKS = YES;
				GCC_OPTIMIZATION_LEVEL = 0;
				GCC_PREPROCESSOR_DEFINITIONS = (
					"DEBUG=1",
					"$(inherited)",
				);
				GCC_SYMBOLS_PRIVATE_EXTERN = NO;
				GCC_WARN_64_TO_32_BIT_CONVERSION = YES;
				GCC_WARN_ABOUT_RETURN_TYPE = YES_ERROR;
				GCC_WARN_UNDECLARED_SELECTOR = YES;
				GCC_WARN_UNINITIALIZED_AUTOS = YES_AGGRESSIVE;
				GCC_WARN_UNUSED_FUNCTION = YES;
				GCC_WARN_UNUSED_VARIABLE = YES;
				IPHONEOS_DEPLOYMENT_TARGET = 8.4;
				MTL_ENABLE_DEBUG_INFO = YES;
				ONLY_ACTIVE_ARCH = YES;
				SDKROOT = iphoneos;
				SWIFT_OPTIMIZATION_LEVEL = "-Onone";
				TARGETED_DEVICE_FAMILY = "1,2";
			};
			name = Debug;
		};
		301CE9091B5ECE1C006C253C /* Release */ = {
			isa = XCBuildConfiguration;
			buildSettings = {
				ALWAYS_SEARCH_USER_PATHS = NO;
				CLANG_CXX_LANGUAGE_STANDARD = "gnu++0x";
				CLANG_CXX_LIBRARY = "libc++";
				CLANG_ENABLE_MODULES = YES;
				CLANG_ENABLE_OBJC_ARC = YES;
				CLANG_WARN_BOOL_CONVERSION = YES;
				CLANG_WARN_CONSTANT_CONVERSION = YES;
				CLANG_WARN_DIRECT_OBJC_ISA_USAGE = YES_ERROR;
				CLANG_WARN_EMPTY_BODY = YES;
				CLANG_WARN_ENUM_CONVERSION = YES;
				CLANG_WARN_INT_CONVERSION = YES;
				CLANG_WARN_OBJC_ROOT_CLASS = YES_ERROR;
				CLANG_WARN_UNREACHABLE_CODE = YES;
				CLANG_WARN__DUPLICATE_METHOD_MATCH = YES;
				"CODE_SIGN_IDENTITY[sdk=iphoneos*]" = "iPhone Developer";
				COPY_PHASE_STRIP = NO;
				DEBUG_INFORMATION_FORMAT = "dwarf-with-dsym";
				DEFINES_MODULE = YES;
				ENABLE_NS_ASSERTIONS = NO;
				ENABLE_STRICT_OBJC_MSGSEND = YES;
				GCC_C_LANGUAGE_STANDARD = gnu99;
				GCC_NO_COMMON_BLOCKS = YES;
				GCC_WARN_64_TO_32_BIT_CONVERSION = YES;
				GCC_WARN_ABOUT_RETURN_TYPE = YES_ERROR;
				GCC_WARN_UNDECLARED_SELECTOR = YES;
				GCC_WARN_UNINITIALIZED_AUTOS = YES_AGGRESSIVE;
				GCC_WARN_UNUSED_FUNCTION = YES;
				GCC_WARN_UNUSED_VARIABLE = YES;
				IPHONEOS_DEPLOYMENT_TARGET = 8.4;
				MTL_ENABLE_DEBUG_INFO = NO;
				SDKROOT = iphoneos;
				TARGETED_DEVICE_FAMILY = "1,2";
				VALIDATE_PRODUCT = YES;
			};
			name = Release;
		};
		301CE90B1B5ECE1C006C253C /* Debug */ = {
			isa = XCBuildConfiguration;
			baseConfigurationReference = 1CAB2354C15F2F9A157F7FBB /* Pods.debug.xcconfig */;
			buildSettings = {
				ASSETCATALOG_COMPILER_APPICON_NAME = AppIcon;
				CLANG_ENABLE_MODULES = YES;
				DEFINES_MODULE = YES;
				INFOPLIST_FILE = GymLogger/Info.plist;
				IPHONEOS_DEPLOYMENT_TARGET = 9.0;
				LD_RUNPATH_SEARCH_PATHS = "$(inherited) @executable_path/Frameworks";
				PRODUCT_BUNDLE_IDENTIFIER = "com.github.romankl.$(PRODUCT_NAME:rfc1034identifier)";
				PRODUCT_NAME = "$(TARGET_NAME)";
				SWIFT_OBJC_BRIDGING_HEADER = "GymLogger/GymLogger-Bridging-Header.h";
				SWIFT_OPTIMIZATION_LEVEL = "-Onone";
			};
			name = Debug;
		};
		301CE90C1B5ECE1C006C253C /* Release */ = {
			isa = XCBuildConfiguration;
			baseConfigurationReference = EB50241FA24E60A7D4A1C9AB /* Pods.release.xcconfig */;
			buildSettings = {
				ASSETCATALOG_COMPILER_APPICON_NAME = AppIcon;
				CLANG_ENABLE_MODULES = YES;
				DEFINES_MODULE = YES;
				INFOPLIST_FILE = GymLogger/Info.plist;
				IPHONEOS_DEPLOYMENT_TARGET = 9.0;
				LD_RUNPATH_SEARCH_PATHS = "$(inherited) @executable_path/Frameworks";
				PRODUCT_BUNDLE_IDENTIFIER = "com.github.romankl.$(PRODUCT_NAME:rfc1034identifier)";
				PRODUCT_NAME = "$(TARGET_NAME)";
				SWIFT_OBJC_BRIDGING_HEADER = "GymLogger/GymLogger-Bridging-Header.h";
			};
			name = Release;
		};
/* End XCBuildConfiguration section */

/* Begin XCConfigurationList section */
		301CE8E41B5ECE1C006C253C /* Build configuration list for PBXProject "GymLogger" */ = {
			isa = XCConfigurationList;
			buildConfigurations = (
				301CE9081B5ECE1C006C253C /* Debug */,
				301CE9091B5ECE1C006C253C /* Release */,
			);
			defaultConfigurationIsVisible = 0;
			defaultConfigurationName = Release;
		};
		301CE90A1B5ECE1C006C253C /* Build configuration list for PBXNativeTarget "GymLogger" */ = {
			isa = XCConfigurationList;
			buildConfigurations = (
				301CE90B1B5ECE1C006C253C /* Debug */,
				301CE90C1B5ECE1C006C253C /* Release */,
			);
			defaultConfigurationIsVisible = 0;
			defaultConfigurationName = Release;
		};
/* End XCConfigurationList section */

/* Begin XCVersionGroup section */
		3021DF771C2B20CE009D7F77 /* GymLogger.xcdatamodeld */ = {
			isa = XCVersionGroup;
			children = (
				3021DF781C2B20CE009D7F77 /* GymLogger.xcdatamodel */,
			);
			currentVersion = 3021DF781C2B20CE009D7F77 /* GymLogger.xcdatamodel */;
			path = GymLogger.xcdatamodeld;
			sourceTree = "<group>";
			versionGroupType = wrapper.xcdatamodel;
		};
/* End XCVersionGroup section */
	};
	rootObject = 301CE8E11B5ECE1C006C253C /* Project object */;
}
